# THIS IS AN AUTOGENERATED FILE. DO NOT EDIT THIS FILE DIRECTLY.
# yarn lockfile v1


"@textlint-rule/textlint-rule-no-invalid-control-character@^1.2.0":
  version "1.2.0"
  resolved "https://registry.yarnpkg.com/@textlint-rule/textlint-rule-no-invalid-control-character/-/textlint-rule-no-invalid-control-character-1.2.0.tgz#3e8f03258d06b7deb2592bdb13626659c46abbf5"
  integrity sha512-FgkOQr14H8D/LQVAEOR2cGWhzItb9MXCAvaBwKkysIfP9Ngwam+8NRmbphQ/GrAm3PXV63QmK1xwAKM1DntwmQ==
  dependencies:
    execall "^1.0.0"

"@textlint/ast-node-types@^4.0.2", "@textlint/ast-node-types@^4.2.1", "@textlint/ast-node-types@^4.2.2":
  version "4.2.2"
  resolved "https://registry.yarnpkg.com/@textlint/ast-node-types/-/ast-node-types-4.2.2.tgz#5042d0b3b16f18b9f2d16b96e6ee5356e6f3d37d"
  integrity sha512-5VHykhxgUat7dvRWGw52Tk55SWjuZDpDO7PKDhfcLTFrD1cjbTtFFnWeJc0BfoqB2AUjfHXRoMdnqbFRGmnPVQ==

"@textlint/types@^1.1.2":
  version "1.1.5"
  resolved "https://registry.yarnpkg.com/@textlint/types/-/types-1.1.5.tgz#2834cd625f71ca2a6d7b0540dcc67ba5dbe34ac5"
  integrity sha512-z9PqRrk9EEgSP3F83YV9A/yAYMbfubf3D85QwN/EUm3gtg0XuALqt9aHywuFcgVnvEJCUbhwz4xV51oqq5unYw==
  dependencies:
    "@textlint/ast-node-types" "^4.2.2"
    structured-source "^3.0.2"

analyze-desumasu-dearu@^3.1.0:
  version "3.1.0"
  resolved "https://registry.yarnpkg.com/analyze-desumasu-dearu/-/analyze-desumasu-dearu-3.1.0.tgz#af36b948454c0783a431f2ab938a59f24d40e150"
  integrity sha1-rza5SEVMB4OkMfKrk4pZ8k1A4VA=
  dependencies:
    array-find "^1.0.0"
    kuromojin "^1.2.1"
    object.assign "^4.0.3"

argparse@^1.0.7:
  version "1.0.10"
  resolved "https://registry.yarnpkg.com/argparse/-/argparse-1.0.10.tgz#bcd6791ea5ae09725e17e5ad988134cd40b3d911"
  integrity sha512-o5Roy6tNG4SL/FOkCAN6RzjiakZS25RLYFrcMttJqbdd8BWrnA+fGz57iN5Pb06pvBGvl5gQ0B48dJlslXvoTg==
  dependencies:
    sprintf-js "~1.0.2"

array-find@^1.0.0:
  version "1.0.0"
  resolved "https://registry.yarnpkg.com/array-find/-/array-find-1.0.0.tgz#6c8e286d11ed768327f8e62ecee87353ca3e78b8"
  integrity sha1-bI4obRHtdoMn+OYuzuhzU8o+eLg=

async@^2.0.1:
  version "2.6.2"
  resolved "https://registry.yarnpkg.com/async/-/async-2.6.2.tgz#18330ea7e6e313887f5d2f2a904bac6fe4dd5381"
  integrity sha512-H1qVYh1MYhEEFLsP97cVKqCGo7KfCyTt6uEWqsTBr9SO84oK9Uwbyd/yCW+6rKJLHksBNUVWZDAjfS+Ccx0Bbg==
  dependencies:
    lodash "^4.17.11"

boundary@^1.0.1:
  version "1.0.1"
  resolved "https://registry.yarnpkg.com/boundary/-/boundary-1.0.1.tgz#4d67dc2602c0cc16dd9bce7ebf87e948290f5812"
  integrity sha1-TWfcJgLAzBbdm85+v4fpSCkPWBI=

buffer-from@^1.0.0:
  version "1.1.1"
  resolved "https://registry.yarnpkg.com/buffer-from/-/buffer-from-1.1.1.tgz#32713bc028f75c02fdb710d7c7bcec1f2c6070ef"
  integrity sha512-MQcXEUbCKtEo7bhqEs6560Hyd4XaovZlO/k9V3hjVUF/zwW7KBVdSK4gIt/bzwS9MbR5qob+F5jusZsb0YQK2A==

clone-regexp@^1.0.0:
  version "1.0.1"
  resolved "https://registry.yarnpkg.com/clone-regexp/-/clone-regexp-1.0.1.tgz#051805cd33173375d82118fc0918606da39fd60f"
  integrity sha512-Fcij9IwRW27XedRIJnSOEupS7RVcXtObJXbcUOX93UCLqqOdRpkvzKywOOSizmEK/Is3S/RHX9dLdfo6R1Q1mw==
  dependencies:
    is-regexp "^1.0.0"
    is-supported-regexp-flag "^1.0.0"

commandpost@^1.2.1:
  version "1.4.0"
  resolved "https://registry.yarnpkg.com/commandpost/-/commandpost-1.4.0.tgz#89218012089dfc9b67a337ba162f15c88e0f1048"
  integrity sha512-aE2Y4MTFJ870NuB/+2z1cXBhSBBzRydVVjzhFC4gtenEhpnj15yu0qptWGJsO9YGrcPZ3ezX8AWb1VA391MKpQ==

concat-stream@^1.5.2:
  version "1.6.2"
  resolved "https://registry.yarnpkg.com/concat-stream/-/concat-stream-1.6.2.tgz#904bdf194cd3122fc675c77fc4ac3d4ff0fd1a34"
  integrity sha512-27HBghJxjiZtIk3Ycvn/4kbJk/1uZuJFfuPEns6LaEvpvG1f0hTea8lilrouyo9mVc2GWdcEZ8OLoGmSADlrCw==
  dependencies:
    buffer-from "^1.0.0"
    inherits "^2.0.3"
    readable-stream "^2.2.2"
    typedarray "^0.0.6"

core-util-is@~1.0.0:
  version "1.0.2"
  resolved "https://registry.yarnpkg.com/core-util-is/-/core-util-is-1.0.2.tgz#b5fd54220aa2bc5ab57aab7140c940754503c1a7"
  integrity sha1-tf1UIgqivFq1eqtxQMlAdUUDwac=

define-properties@^1.1.2, define-properties@^1.1.3:
  version "1.1.3"
  resolved "https://registry.yarnpkg.com/define-properties/-/define-properties-1.1.3.tgz#cf88da6cbee26fe6db7094f61d870cbd84cee9f1"
  integrity sha512-3MqfYKj2lLzdMSf8ZIZE/V+Zuy+BgD6f164e8K2w7dgnpKArBDerGYpM46IYYcjnkdPNMjPk9A6VFB8+3SKlXQ==
  dependencies:
    object-keys "^1.0.12"

diff@^3.3.0:
  version "3.5.0"
  resolved "https://registry.yarnpkg.com/diff/-/diff-3.5.0.tgz#800c0dd1e0a8bfbc95835c202ad220fe317e5a12"
  integrity sha512-A46qtFgd+g7pDZinpnwiRJtxbC1hpgf0uzP3iG89scHk0AUC7A1TGxf5OiiOUv/JMZR8GOt8hL900hV0bOy5xA==

doublearray@0.0.2:
  version "0.0.2"
  resolved "https://registry.yarnpkg.com/doublearray/-/doublearray-0.0.2.tgz#63186fe8d34413276d3621f6aa0ec5f79e227ef9"
  integrity sha1-Yxhv6NNEEydtNiH2qg7F954ifvk=

es-abstract@^1.12.0:
  version "1.13.0"
  resolved "https://registry.yarnpkg.com/es-abstract/-/es-abstract-1.13.0.tgz#ac86145fdd5099d8dd49558ccba2eaf9b88e24e9"
  integrity sha512-vDZfg/ykNxQVwup/8E1BZhVzFfBxs9NqMzGcvIJrqg5k2/5Za2bWo40dK2J1pgLngZ7c+Shh8lwYtLGyrwPutg==
  dependencies:
    es-to-primitive "^1.2.0"
    function-bind "^1.1.1"
    has "^1.0.3"
    is-callable "^1.1.4"
    is-regex "^1.0.4"
    object-keys "^1.0.12"

es-to-primitive@^1.2.0:
  version "1.2.0"
  resolved "https://registry.yarnpkg.com/es-to-primitive/-/es-to-primitive-1.2.0.tgz#edf72478033456e8dda8ef09e00ad9650707f377"
  integrity sha512-qZryBOJjV//LaxLTV6UC//WewneB3LcXOL9NP++ozKVXsIIIpm/2c13UDiD9Jp2eThsecw9m3jPqDwTyobcdbg==
  dependencies:
    is-callable "^1.1.4"
    is-date-object "^1.0.1"
    is-symbol "^1.0.2"

esprima@^4.0.0:
  version "4.0.1"
  resolved "https://registry.yarnpkg.com/esprima/-/esprima-4.0.1.tgz#13b04cdb3e6c5d19df91ab6987a8695619b0aa71"
  integrity sha512-eGuFFw7Upda+g4p+QHvnW0RyTX/SVeJBDM/gCtMARO0cLuT2HcEKnTPvhjV6aGeqrCB/sbNop0Kszm0jsaWU4A==

execall@^1.0.0:
  version "1.0.0"
  resolved "https://registry.yarnpkg.com/execall/-/execall-1.0.0.tgz#73d0904e395b3cab0658b08d09ec25307f29bb73"
  integrity sha1-c9CQTjlbPKsGWLCNCewlMH8pu3M=
  dependencies:
    clone-regexp "^1.0.0"

function-bind@^1.1.1:
  version "1.1.1"
  resolved "https://registry.yarnpkg.com/function-bind/-/function-bind-1.1.1.tgz#a56899d3ea3c9bab874bb9773b7c5ede92f4895d"
  integrity sha512-yIovAzMX49sF8Yl58fSCWJ5svSLuaibPxXQJFLmBObTuCr0Mf1KiPopGM9NiFjiYBCbfaa2Fh6breQ6ANVTI0A==

has-symbols@^1.0.0:
  version "1.0.0"
  resolved "https://registry.yarnpkg.com/has-symbols/-/has-symbols-1.0.0.tgz#ba1a8f1af2a0fc39650f5c850367704122063b44"
  integrity sha1-uhqPGvKg/DllD1yFA2dwQSIGO0Q=

has@^1.0.1, has@^1.0.3:
  version "1.0.3"
  resolved "https://registry.yarnpkg.com/has/-/has-1.0.3.tgz#722d7cbfc1f6aa8241f16dd814e011e1f41e8796"
  integrity sha512-f2dvO0VU6Oej7RkWJGrehjbzMAjFp5/VKPp5tTpWIV4JHHZK1/BxbFRtf/siA2SWTe09caDmVtYYzWEIbBS4zw==
  dependencies:
    function-bind "^1.1.1"

inherits@^2.0.3, inherits@~2.0.3:
  version "2.0.3"
  resolved "https://registry.yarnpkg.com/inherits/-/inherits-2.0.3.tgz#633c2c83e3da42a502f52466022480f4208261de"
  integrity sha1-Yzwsg+PaQqUC9SRmAiSA9CCCYd4=

interop-require@^1.0.0:
  version "1.0.0"
  resolved "https://registry.yarnpkg.com/interop-require/-/interop-require-1.0.0.tgz#e53103679944c88d7e6105b62a9f4475c783971e"
  integrity sha1-5TEDZ5lEyI1+YQW2Kp9EdceDlx4=

is-callable@^1.1.4:
  version "1.1.4"
  resolved "https://registry.yarnpkg.com/is-callable/-/is-callable-1.1.4.tgz#1e1adf219e1eeb684d691f9d6a05ff0d30a24d75"
  integrity sha512-r5p9sxJjYnArLjObpjA4xu5EKI3CuKHkJXMhT7kwbpUyIFD1n5PMAsoPvWnvtZiNz7LjkYDRZhd7FlI0eMijEA==

is-date-object@^1.0.1:
  version "1.0.1"
  resolved "https://registry.yarnpkg.com/is-date-object/-/is-date-object-1.0.1.tgz#9aa20eb6aeebbff77fbd33e74ca01b33581d3a16"
  integrity sha1-mqIOtq7rv/d/vTPnTKAbM1gdOhY=

is-regex@^1.0.4:
  version "1.0.4"
  resolved "https://registry.yarnpkg.com/is-regex/-/is-regex-1.0.4.tgz#5517489b547091b0930e095654ced25ee97e9491"
  integrity sha1-VRdIm1RwkbCTDglWVM7SXul+lJE=
  dependencies:
    has "^1.0.1"

is-regexp@^1.0.0:
  version "1.0.0"
  resolved "https://registry.yarnpkg.com/is-regexp/-/is-regexp-1.0.0.tgz#fd2d883545c46bac5a633e7b9a09e87fa2cb5069"
  integrity sha1-/S2INUXEa6xaYz57mgnof6LLUGk=

is-supported-regexp-flag@^1.0.0:
  version "1.0.1"
  resolved "https://registry.yarnpkg.com/is-supported-regexp-flag/-/is-supported-regexp-flag-1.0.1.tgz#21ee16518d2c1dd3edd3e9a0d57e50207ac364ca"
  integrity sha512-3vcJecUUrpgCqc/ca0aWeNu64UGgxcvO60K/Fkr1N6RSvfGCTU60UKN68JDmKokgba0rFFJs12EnzOQa14ubKQ==

is-symbol@^1.0.2:
  version "1.0.2"
  resolved "https://registry.yarnpkg.com/is-symbol/-/is-symbol-1.0.2.tgz#a055f6ae57192caee329e7a860118b497a950f38"
  integrity sha512-HS8bZ9ox60yCJLH9snBpIwv9pYUAkcuLhSA1oero1UB5y9aiQpRA8y2ex945AOtCZL1lJDeIk3G5LthswI46Lw==
  dependencies:
    has-symbols "^1.0.0"

isarray@~1.0.0:
  version "1.0.0"
  resolved "https://registry.yarnpkg.com/isarray/-/isarray-1.0.0.tgz#bb935d48582cba168c06834957a54a3e07124f11"
  integrity sha1-u5NdSFgsuhaMBoNJV6VKPgcSTxE=

js-yaml@^3.9.1:
  version "3.13.1"
  resolved "https://registry.yarnpkg.com/js-yaml/-/js-yaml-3.13.1.tgz#aff151b30bfdfa8e49e05da22e7415e9dfa37847"
  integrity sha512-YfbcO7jXDdyj0DGxYVSlSeQNHbD7XPWvrVWeVUujrQEoZzWJIRrCPoyk6kL6IAjAG2IolMK4T0hNUe0HOUs5Jw==
  dependencies:
    argparse "^1.0.7"
    esprima "^4.0.0"

kuromoji@0.1.1:
  version "0.1.1"
  resolved "https://registry.yarnpkg.com/kuromoji/-/kuromoji-0.1.1.tgz#4aabf39bcced8b8ad92d007a04a26be6da8477c9"
  integrity sha1-Sqvzm8zti4rZLQB6BKJr5tqEd8k=
  dependencies:
    async "^2.0.1"
    doublearray "0.0.2"
    zlibjs "^0.2.0"

kuromojin@^1.0.2, kuromojin@^1.1.0, kuromojin@^1.2.1:
  version "1.4.0"
  resolved "https://registry.yarnpkg.com/kuromojin/-/kuromojin-1.4.0.tgz#2d955746736981e73d02dbfd20eeee8110cddab2"
  integrity sha512-ZoG3NAW6ATKgo2jBgjVWwE66GeaT2jHgdf0v1dL8+WffuSfvTvX7l6ePgYusSAhHW+dwtneYcbav8N0NhsA0uw==
  dependencies:
    kuromoji "0.1.1"

lodash@^4.17.11:
  version "4.17.11"
  resolved "https://registry.yarnpkg.com/lodash/-/lodash-4.17.11.tgz#b39ea6229ef607ecd89e2c8df12536891cac9b8d"
  integrity sha512-cQKh8igo5QUhZ7lg38DYWAxMvjSAKG0A8wGSVimP07SIUEK2UO+arSRKbRZWtelMtN5V0Hkwh5ryOto/SshYIg==

match-index@^1.0.1:
  version "1.0.1"
  resolved "https://registry.yarnpkg.com/match-index/-/match-index-1.0.1.tgz#b4b673e99ab3ac5a6af303ccf4db709812bc3f58"
  integrity sha1-tLZz6ZqzrFpq8wPM9NtwmBK8P1g=
  dependencies:
    regexp.prototype.flags "^1.1.1"

object-assign@^4.0.1:
  version "4.1.1"
  resolved "https://registry.yarnpkg.com/object-assign/-/object-assign-4.1.1.tgz#2109adc7965887cfc05cbbd442cac8bfbb360863"
  integrity sha1-IQmtx5ZYh8/AXLvUQsrIv7s2CGM=

object-keys@^1.0.11, object-keys@^1.0.12:
  version "1.1.1"
  resolved "https://registry.yarnpkg.com/object-keys/-/object-keys-1.1.1.tgz#1c47f272df277f3b1daf061677d9c82e2322c60e"
  integrity sha512-NuAESUOUMrlIXOfHKzD6bpPu3tYt3xvjNdRIQ+FeT0lNb4K8WR70CaDxhuNguS2XG+GjkyMwOzsN5ZktImfhLA==

object.assign@^4.0.3:
  version "4.1.0"
  resolved "https://registry.yarnpkg.com/object.assign/-/object.assign-4.1.0.tgz#968bf1100d7956bb3ca086f006f846b3bc4008da"
  integrity sha512-exHJeq6kBKj58mqGyTQ9DFvrZC/eR6OwxzoM9YRoGBqrXYonaFyGiFMuc9VZrXf7DarreEwMpurG3dd+CNyW5w==
  dependencies:
    define-properties "^1.1.2"
    function-bind "^1.1.1"
    has-symbols "^1.0.0"
    object-keys "^1.0.11"

object.values@^1.0.4:
  version "1.1.0"
  resolved "https://registry.yarnpkg.com/object.values/-/object.values-1.1.0.tgz#bf6810ef5da3e5325790eaaa2be213ea84624da9"
  integrity sha512-8mf0nKLAoFX6VlNVdhGj31SVYpaNFtUnuoOXWyFEstsWRgU837AK+JYM0iAxwkSzGRbwn8cbFmgbyxj1j4VbXg==
  dependencies:
    define-properties "^1.1.3"
    es-abstract "^1.12.0"
    function-bind "^1.1.1"
    has "^1.0.3"

prh@^5.4.3:
  version "5.4.3"
  resolved "https://registry.yarnpkg.com/prh/-/prh-5.4.3.tgz#d3864a6de2f35c6603e33c700106dce01c22876d"
  integrity sha512-W5+gzqOrVLKayPh+2QCur7KYZPsLRfDJd4Tyz5lIXAWwqaX/LQ40FX/P3/Hbfgf7w+EQPdR1yOx6BVf+frG40w==
  dependencies:
    commandpost "^1.2.1"
    diff "^3.3.0"
    js-yaml "^3.9.1"

process-nextick-args@~2.0.0:
  version "2.0.0"
  resolved "https://registry.yarnpkg.com/process-nextick-args/-/process-nextick-args-2.0.0.tgz#a37d732f4271b4ab1ad070d35508e8290788ffaa"
  integrity sha512-MtEC1TqN0EU5nephaJ4rAtThHtC86dNN9qCuEhtshvpVBkAW5ZO7BASN9REnF9eoXGcRub+pFuKEpOHE+HbEMw==

readable-stream@^2.2.2:
  version "2.3.6"
  resolved "https://registry.yarnpkg.com/readable-stream/-/readable-stream-2.3.6.tgz#b11c27d88b8ff1fbe070643cf94b0c79ae1b0aaf"
  integrity sha512-tQtKA9WIAhBF3+VLAseyMqZeBjW0AHJoxOtYqSUZNJxauErmLbVm2FW1y+J/YA9dUrAC39ITejlZWhVIwawkKw==
  dependencies:
    core-util-is "~1.0.0"
    inherits "~2.0.3"
    isarray "~1.0.0"
    process-nextick-args "~2.0.0"
    safe-buffer "~5.1.1"
    string_decoder "~1.1.1"
    util-deprecate "~1.0.1"

regexp.prototype.flags@^1.1.1:
  version "1.2.0"
  resolved "https://registry.yarnpkg.com/regexp.prototype.flags/-/regexp.prototype.flags-1.2.0.tgz#6b30724e306a27833eeb171b66ac8890ba37e41c"
  integrity sha512-ztaw4M1VqgMwl9HlPpOuiYgItcHlunW0He2fE6eNfT6E/CF2FtYi9ofOYe4mKntstYk0Fyh/rDRBdS3AnxjlrA==
  dependencies:
    define-properties "^1.1.2"

safe-buffer@~5.1.0, safe-buffer@~5.1.1:
  version "5.1.2"
  resolved "https://registry.yarnpkg.com/safe-buffer/-/safe-buffer-5.1.2.tgz#991ec69d296e0313747d59bdfd2b745c35f8828d"
  integrity sha512-Gd2UZBJDkXlY7GbJxfsE8/nvKkUEU1G38c1siN6QP6a9PT9MmHB8GnpscSmMJSoF8LOIrt8ud/wPtojys4G6+g==

sentence-splitter@^1.2.0:
  version "1.2.0"
  resolved "https://registry.yarnpkg.com/sentence-splitter/-/sentence-splitter-1.2.0.tgz#c1c38414cf145ec717fd437cac20c988e0fd0d46"
  integrity sha1-wcOEFM8UXscX/UN8rCDJiOD9DUY=
  dependencies:
    structured-source "^3.0.2"

sentence-splitter@^2.0.0, sentence-splitter@^2.2.0:
  version "2.3.2"
  resolved "https://registry.yarnpkg.com/sentence-splitter/-/sentence-splitter-2.3.2.tgz#5ad33cd0e6ae171d58c88f6bfef16a9ed04f3a79"
  integrity sha512-QnpHNykm4nI4T6mT+NoVayh9Ixl5DohYCSVqMgPJsO2WejOcqaYTh4HQOkmzaDzXH3NO5pif4z/hpo2NGtgNlg==
  dependencies:
    concat-stream "^1.5.2"
    structured-source "^3.0.2"

sentence-splitter@^3.0.10:
  version "3.0.11"
  resolved "https://registry.yarnpkg.com/sentence-splitter/-/sentence-splitter-3.0.11.tgz#82d98f0fd7a392e0e6c49b0730ae7b880bfde0b2"
  integrity sha512-8k/74ErjpdvgBVLQ7kI7jbbaqNdgMXVqMF8gWlJan25xfm1mg8cYmHQgMb+zx8xyocm1Dq46af4TpmnKWHr/yA==
  dependencies:
    "@textlint/ast-node-types" "^4.0.2"
    concat-stream "^1.5.2"
    object.values "^1.0.4"
    structured-source "^3.0.2"

sprintf-js@~1.0.2:
  version "1.0.3"
  resolved "https://registry.yarnpkg.com/sprintf-js/-/sprintf-js-1.0.3.tgz#04e6926f662895354f3dd015203633b857297e2c"
  integrity sha1-BOaSb2YolTVPPdAVIDYzuFcpfiw=

string_decoder@~1.1.1:
  version "1.1.1"
  resolved "https://registry.yarnpkg.com/string_decoder/-/string_decoder-1.1.1.tgz#9cf1611ba62685d7030ae9e4ba34149c3af03fc8"
  integrity sha512-n/ShnvDi6FHbbVfviro+WojiFzv+s8MPMHBczVePfUpDJLwoLT0ht1l4YwBCbi8pJAveEEdnkHyPyTP/mzRfwg==
  dependencies:
    safe-buffer "~5.1.0"

structured-source@^3.0.2:
  version "3.0.2"
  resolved "https://registry.yarnpkg.com/structured-source/-/structured-source-3.0.2.tgz#dd802425e0f53dc4a6e7aca3752901a1ccda7af5"
  integrity sha1-3YAkJeD1PcSm56yjdSkBoczaevU=
  dependencies:
    boundary "^1.0.1"

textlint-rule-helper@^1.1.4, textlint-rule-helper@^1.1.5:
  version "1.2.0"
  resolved "https://registry.yarnpkg.com/textlint-rule-helper/-/textlint-rule-helper-1.2.0.tgz#be68d47a5146b16dd116278c9aeb7bd35631ccda"
  integrity sha1-vmjUelFGsW3RFieMmut701YxzNo=
  dependencies:
    unist-util-visit "^1.1.0"

textlint-rule-helper@^2.0.0:
  version "2.1.1"
  resolved "https://registry.yarnpkg.com/textlint-rule-helper/-/textlint-rule-helper-2.1.1.tgz#d572588685359134bc779939b217e61f087dab0f"
  integrity sha512-6fxgHzoJVkjl3LaC1b2Egi+5wbhG4i0pU0knJmQujVhxIJ3D3AcQQZPs457xKAi5xKz1WayYeTeJ5jrD/hnO7g==
  dependencies:
    "@textlint/ast-node-types" "^4.2.1"
    "@textlint/types" "^1.1.2"
    structured-source "^3.0.2"
    unist-util-visit "^1.1.0"

textlint-rule-max-ten@^2.0.2:
  version "2.0.3"
  resolved "https://registry.yarnpkg.com/textlint-rule-max-ten/-/textlint-rule-max-ten-2.0.3.tgz#dccbc0d0157ee86a7572ca00a47ab1fa577f0645"
  integrity sha1-3MvA0BV+6Gp1csoApHqx+ld/BkU=
  dependencies:
    kuromojin "^1.0.2"
    sentence-splitter "^2.0.0"
    structured-source "^3.0.2"
    textlint-rule-helper "^2.0.0"

textlint-rule-no-double-negative-ja@^1.0.3:
  version "1.0.5"
  resolved "https://registry.yarnpkg.com/textlint-rule-no-double-negative-ja/-/textlint-rule-no-double-negative-ja-1.0.5.tgz#ba30db424dc7ef84ceda6d103781b14cd20cc764"
  integrity sha1-ujDbQk3H74TO2m0QN4GxTNIMx2Q=
  dependencies:
    kuromojin "^1.1.0"

textlint-rule-no-doubled-conjunction@^1.0.2:
  version "1.0.2"
  resolved "https://registry.yarnpkg.com/textlint-rule-no-doubled-conjunction/-/textlint-rule-no-doubled-conjunction-1.0.2.tgz#24c6e8014c6b2e184bc7a5d4c1a6ee13bb309930"
  integrity sha1-JMboAUxrLhhLx6XUwabuE7swmTA=
  dependencies:
    kuromojin "^1.1.0"
    sentence-splitter "^2.0.0"
    textlint-rule-helper "^1.1.5"
    textlint-util-to-string "^1.2.0"

textlint-rule-no-doubled-conjunctive-particle-ga@^1.1.0:
  version "1.1.0"
  resolved "https://registry.yarnpkg.com/textlint-rule-no-doubled-conjunctive-particle-ga/-/textlint-rule-no-doubled-conjunctive-particle-ga-1.1.0.tgz#f43717a670ca94d5a7de94efb85b862075436f23"
  integrity sha512-5uTZEw0S1j27DJ2vxdSqmqekZGuzOz2c8axtjJR1XiLc/miB8f7Rz3S16Mq+M2W06wcJTdoM87ix5XWa+4oe8A==
  dependencies:
    kuromojin "^1.1.0"
    sentence-splitter "^1.2.0"
    textlint-rule-helper "^1.1.5"
    textlint-util-to-string "^1.2.0"

textlint-rule-no-doubled-joshi@^3.0.0:
  version "3.5.1"
  resolved "https://registry.yarnpkg.com/textlint-rule-no-doubled-joshi/-/textlint-rule-no-doubled-joshi-3.5.1.tgz#759c6c5def8075f849d9a4df551c2d2a0815ba2f"
  integrity sha1-dZxsXe+AdfhJ2aTfVRwtKggVui8=
  dependencies:
    kuromojin "^1.2.1"
    sentence-splitter "^2.2.0"
    textlint-rule-helper "^1.1.4"
    textlint-util-to-string "^1.1.0"

textlint-rule-no-dropping-the-ra@^1.1.2:
  version "1.1.2"
  resolved "https://registry.yarnpkg.com/textlint-rule-no-dropping-the-ra/-/textlint-rule-no-dropping-the-ra-1.1.2.tgz#17d8c65986d7bd8014a4529303a2ba0b769a89d2"
  integrity sha1-F9jGWYbXvYAUpFKTA6K6C3aaidI=
  dependencies:
    kuromojin "^1.2.1"
    textlint-rule-helper "^1.1.4"

textlint-rule-no-mix-dearu-desumasu@^3.0.0:
  version "3.0.3"
  resolved "https://registry.yarnpkg.com/textlint-rule-no-mix-dearu-desumasu/-/textlint-rule-no-mix-dearu-desumasu-3.0.3.tgz#ac4b8160b4f46644a4a40d62fe01d8db7670b7c3"
  integrity sha1-rEuBYLT0ZkSkpA1i/gHY23Zwt8M=
  dependencies:
    analyze-desumasu-dearu "^3.1.0"
    textlint-rule-helper "^2.0.0"
    unist-util-visit "^1.1.0"

textlint-rule-no-nfd@^1.0.1:
  version "1.0.1"
  resolved "https://registry.yarnpkg.com/textlint-rule-no-nfd/-/textlint-rule-no-nfd-1.0.1.tgz#bf483f844e641ef23ae3f82361421a9e53b5d65a"
  integrity sha1-v0g/hE5kHvI64/gjYUIanlO11lo=
  dependencies:
    match-index "^1.0.1"
    textlint-rule-helper "^1.1.5"
    unorm "^1.4.1"

textlint-rule-prh@^5.2.0:
  version "5.2.0"
  resolved "https://registry.yarnpkg.com/textlint-rule-prh/-/textlint-rule-prh-5.2.0.tgz#046453acf03b8e0e007f9c9ab9576ba56008ef99"
  integrity sha512-ZPTt09YoQ6r0xvDLXs0A9y96GPIFrwr9kC1hlZ6utMarJYr/7Si166hP8oumadfj2u7l+lgKjxfe8vn2/aVhcQ==
  dependencies:
    prh "^5.4.3"
    textlint-rule-helper "^2.0.0"
    untildify "^3.0.2"

textlint-rule-sentence-length@^2.1.1:
  version "2.1.1"
  resolved "https://registry.yarnpkg.com/textlint-rule-sentence-length/-/textlint-rule-sentence-length-2.1.1.tgz#a348d784b9a4b7be6929204a15cb4508755b99a3"
  integrity sha512-5LIsGd2Og4KQhDN99hwkW0iPDk4lPAgvkbi9EtlQ5rdHPhjuoj+nbpM0BXKR5boF1p/9O2UEnA3aUBp0az81Ng==
  dependencies:
    sentence-splitter "^3.0.10"
    textlint-rule-helper "^2.0.0"
    textlint-util-to-string "^2.1.1"

textlint-util-to-string@^1.1.0, textlint-util-to-string@^1.2.0:
  version "1.2.1"
  resolved "https://registry.yarnpkg.com/textlint-util-to-string/-/textlint-util-to-string-1.2.1.tgz#1cf89956d27555a55e9588c06b35a50f0d1d46f9"
  integrity sha1-HPiZVtJ1VaVelYjAazWlDw0dRvk=
  dependencies:
    object-assign "^4.0.1"
    structured-source "^3.0.2"

textlint-util-to-string@^2.1.1:
  version "2.1.1"
  resolved "https://registry.yarnpkg.com/textlint-util-to-string/-/textlint-util-to-string-2.1.1.tgz#7e456f16a2abc07e473cb9591acf19f110def2d1"
  integrity sha512-PW6rXqLNGL3xZ6d5/INrX+pt8qbffmeDPLcvkBOlfNpDRFhVvNNjFmZXH86ZQjrOz9t/nNZDBXqnzqJuioJbSQ==
  dependencies:
    object-assign "^4.0.1"
    structured-source "^3.0.2"

typedarray@^0.0.6:
  version "0.0.6"
  resolved "https://registry.yarnpkg.com/typedarray/-/typedarray-0.0.6.tgz#867ac74e3864187b1d3d47d996a78ec5c8830777"
  integrity sha1-hnrHTjhkGHsdPUfZlqeOxciDB3c=

unist-util-is@^2.1.2:
  version "2.1.2"
  resolved "https://registry.yarnpkg.com/unist-util-is/-/unist-util-is-2.1.2.tgz#1193fa8f2bfbbb82150633f3a8d2eb9a1c1d55db"
  integrity sha512-YkXBK/H9raAmG7KXck+UUpnKiNmUdB+aBGrknfQ4EreE1banuzrKABx3jP6Z5Z3fMSPMQQmeXBlKpCbMwBkxVw==

unist-util-visit-parents@^2.0.0:
  version "2.1.0"
  resolved "https://registry.yarnpkg.com/unist-util-visit-parents/-/unist-util-visit-parents-2.1.0.tgz#e45cad0d7e5ac683362088b329bc80abd1cfc5fb"
  integrity sha512-j0XZY3063E6v7qhx4+Q2Z0r8SMrLX7Mr6DabiCy67zMEcFQYtpNOplLlEK1KKEBEs9S+xB5U+yloQxbSwF9P/g==
  dependencies:
    unist-util-is "^2.1.2"

unist-util-visit@^1.1.0:
  version "1.4.0"
  resolved "https://registry.yarnpkg.com/unist-util-visit/-/unist-util-visit-1.4.0.tgz#1cb763647186dc26f5e1df5db6bd1e48b3cc2fb1"
  integrity sha512-FiGu34ziNsZA3ZUteZxSFaczIjGmksfSgdKqBfOejrrfzyUy5b7YrlzT1Bcvi+djkYDituJDy2XB7tGTeBieKw==
  dependencies:
    unist-util-visit-parents "^2.0.0"

unorm@^1.4.1:
  version "1.5.0"
  resolved "https://registry.yarnpkg.com/unorm/-/unorm-1.5.0.tgz#01fa9b76f1c60f7916834605c032aa8962c3f00a"
  integrity sha512-sMfSWoiRaXXeDZSXC+YRZ23H4xchQpwxjpw1tmfR+kgbBCaOgln4NI0LXejJIhnBuKINrB3WRn+ZI8IWssirVw==

untildify@^3.0.2:
  version "3.0.3"
  resolved "https://registry.yarnpkg.com/untildify/-/untildify-3.0.3.tgz#1e7b42b140bcfd922b22e70ca1265bfe3634c7c9"
  integrity sha512-iSk/J8efr8uPT/Z4eSUywnqyrQU7DSdMfdqK4iWEaUVVmcP5JcnpRqmVMwcwcnmI1ATFNgC5V90u09tBynNFKA==

util-deprecate@~1.0.1:
  version "1.0.2"
  resolved "https://registry.yarnpkg.com/util-deprecate/-/util-deprecate-1.0.2.tgz#450d4dc9fa70de732762fbd2d4a28981419a0ccf"
  integrity sha1-RQ1Nyfpw3nMnYvvS1KKJgUGaDM8=

zlibjs@^0.2.0:
  version "0.2.0"
  resolved "https://registry.yarnpkg.com/zlibjs/-/zlibjs-0.2.0.tgz#ae20f06243293d85c255563189f9b12f5b3ba1a0"
  integrity sha1-riDwYkMpPYXCVVYxifmxL1s7oaA=
