# THIS IS AN AUTOGENERATED FILE. DO NOT EDIT THIS FILE DIRECTLY.
# yarn lockfile v1


"@changesets/apply-release-plan@^8.1.0":
  version "8.1.0"
  resolved "https://registry.yarnpkg.com/@changesets/apply-release-plan/-/apply-release-plan-8.1.0.tgz#f631de125491ccf5a425fd661969404ced20293b"
  integrity sha512-M93HOGyX3ssg6He3b5NotaHtQVu6uajHS6UIQ28xKt2RzskCy73ayX4I914qBKjTJmrE4YFlELQjfcqxbmGLJw==
  dependencies:
    "@changesets/config" "^4.0.0"
    "@changesets/format" "^0.1.2"
    "@changesets/git" "^4.0.1"
    "@changesets/should-skip-package" "^1.0.0"
    "@changesets/types" "^7.0.0"
    import-meta-resolve "^4.2.0"
    jsonc-parser "^3.3.1"
    semver "^7.8.1"

"@changesets/assemble-release-plan@^7.0.0":
  version "7.0.0"
  resolved "https://registry.yarnpkg.com/@changesets/assemble-release-plan/-/assemble-release-plan-7.0.0.tgz#ef4a2fb86270dcc0db405f13ad6977dcaea27049"
  integrity sha512-oEW8BxdA604kGGtDSCiHr5w9Tv4UWe9I2k61IBNZzCOE1kbYaJj4v+lFQNgcEZFkUc2pV/+hASErGDvpJOZCTg==
  dependencies:
    "@changesets/errors" "^1.0.0"
    "@changesets/get-dependents-graph" "^3.0.0"
    "@changesets/should-skip-package" "^1.0.0"
    "@changesets/types" "^7.0.0"
    semver "^7.8.1"

"@changesets/changelog-git@^1.0.0":
  version "1.0.0"
  resolved "https://registry.yarnpkg.com/@changesets/changelog-git/-/changelog-git-1.0.0.tgz#c06da926eb29651f414125cc37a21c31052e873c"
  integrity sha512-3Dst2Ime2Op5nd4XmWJLPIgp11ZFqJqSkVug9izK6TDcIV4YlhPS4ECbEVR+eGI0bk0r1ItogD4j2Oli87bJrA==
  dependencies:
    "@changesets/types" "^7.0.0"

"@changesets/cli@^3.0.0":
  version "3.0.2"
  resolved "https://registry.yarnpkg.com/@changesets/cli/-/cli-3.0.2.tgz#f1b1d788b9b0dfa284fff387566aaf241f7c2348"
  integrity sha512-t/omGJj/I+Jv0kmJAkj5cstYEdUQiJnpip2F+2m3F4lQ3kAZ3o8Exep4/Fm1qq4rvw6ovlhJvZNrKdwLJ4lkuQ==
  dependencies:
    "@changesets/apply-release-plan" "^8.1.0"
    "@changesets/assemble-release-plan" "^7.0.0"
    "@changesets/changelog-git" "^1.0.0"
    "@changesets/config" "^4.0.0"
    "@changesets/errors" "^1.0.0"
    "@changesets/get-dependents-graph" "^3.0.0"
    "@changesets/git" "^4.0.1"
    "@changesets/pre" "^3.0.0"
    "@changesets/read" "^1.0.1"
    "@changesets/should-skip-package" "^1.0.0"
    "@changesets/types" "^7.0.0"
    "@changesets/write" "^1.0.1"
    "@clack/prompts" "^1.7.0"
    "@manypkg/get-packages" "^3.1.0"
    "@pnpm/deps.graph-sequencer" "^1100.0.1"
    cac "^7.0.0"
    import-meta-resolve "^4.2.0"
    launch-editor "^2.14.1"
    package-manager-detector "^1.6.0"
    semver "^7.8.1"
    tinyexec "^1.3.0"

"@changesets/config@^4.0.0":
  version "4.0.0"
  resolved "https://registry.yarnpkg.com/@changesets/config/-/config-4.0.0.tgz#43662c91d6cc81419778a5294c44fa9cbaf03d7d"
  integrity sha512-mw95/YrkOuhZZxfnVAA4bSXOFUi+KlhzOBTM8C4x777NhUU6HWIl9Z+K+nME+E4PVsv5NQVQwTfiHihAS1A/ow==
  dependencies:
    "@changesets/get-dependents-graph" "^3.0.0"
    "@changesets/should-skip-package" "^1.0.0"
    "@changesets/types" "^7.0.0"
    "@manypkg/get-packages" "^3.1.0"
    picomatch "^4.0.4"

"@changesets/errors@^1.0.0":
  version "1.0.0"
  resolved "https://registry.yarnpkg.com/@changesets/errors/-/errors-1.0.0.tgz#036fc8a9936dd37d29dfc3035a7231a6bacd642c"
  integrity sha512-ElN/mEzn6zmETgjwf5MclCMa9ef59sAR0lfO8VSYIsiRvbC2FbLB/92EoYw10Sl0kGixxHFiJZUSv7dA+YpR8g==

"@changesets/format@^0.1.1", "@changesets/format@^0.1.2":
  version "0.1.2"
  resolved "https://registry.yarnpkg.com/@changesets/format/-/format-0.1.2.tgz#036f5e32ebbcd0b5220f7f5092e617e10d9f96dc"
  integrity sha512-Caez5XtNXCFS/G5bwyav3wuXL0tMxVd2ZGbaumWbzN08tyzO21asCw7JZhNtVsAZDCvDRUzZN+Iit9SyRITSYA==
  dependencies:
    package-manager-detector "^1.8.0"
    tinyexec "^1.3.0"

"@changesets/get-dependents-graph@^3.0.0":
  version "3.0.0"
  resolved "https://registry.yarnpkg.com/@changesets/get-dependents-graph/-/get-dependents-graph-3.0.0.tgz#995d4896cbfe76ee003c84c85f986491ff58cac1"
  integrity sha512-ji/t5wFA1zREKXRUePE6Qi+Qu2UgxCeSSGQrphezwvQZrp49B7sJ+8+wvM0tA7zPeSxYKCojDy3WWgrl+s+awg==
  dependencies:
    "@changesets/types" "^7.0.0"
    semver "^7.8.1"

"@changesets/git@^4.0.1":
  version "4.0.1"
  resolved "https://registry.yarnpkg.com/@changesets/git/-/git-4.0.1.tgz#f513ed303c99420fd62121aaca837c04ae5346b3"
  integrity sha512-6vWpIAC4LkpmlqaIu37ViT5enyd9+uBwAiGqCGhASvkSHBgx4PrtTGXWTMFYpDmZbjgyonyVgMciPrW4MqtJsA==
  dependencies:
    "@changesets/errors" "^1.0.0"
    "@changesets/types" "^7.0.0"
    "@manypkg/get-packages" "^3.1.0"
    picomatch "^4.0.4"
    tinyexec "^1.3.0"

"@changesets/parse@^1.0.0":
  version "1.0.0"
  resolved "https://registry.yarnpkg.com/@changesets/parse/-/parse-1.0.0.tgz#02d047a4c5874eafabf7dfeea852e9e2cb3880d1"
  integrity sha512-P0iaMb9p9CRYZiTgAllEIF9AUMQHIy1G72tKlcIqJp61icZSsKQNiOPdxAMZG8m/DvZwt/oz5xEbTpike//dWg==
  dependencies:
    "@changesets/types" "^7.0.0"
    yaml "^2.9.0"

"@changesets/pre@^3.0.0":
  version "3.0.0"
  resolved "https://registry.yarnpkg.com/@changesets/pre/-/pre-3.0.0.tgz#f37af49f5b27d9d2deca8cf7a8ed4e179ea93800"
  integrity sha512-Zm/6YliV/a2oeWTqHJf6KxLrQwgcK1i/BRDl2m0EKZvbnxV5fG9QRhwJJGshjsZTUTS6dkfURQ2K6aAvgNw/3Q==
  dependencies:
    "@changesets/errors" "^1.0.0"
    "@changesets/types" "^7.0.0"
    "@manypkg/get-packages" "^3.1.0"

"@changesets/read@^1.0.1":
  version "1.0.1"
  resolved "https://registry.yarnpkg.com/@changesets/read/-/read-1.0.1.tgz#cb3e875501638744f72558d43df9ae77c98dabd8"
  integrity sha512-nzvSC6RcTiWf/dsuwZFXpLzGGsRHYCL68U3uHV7srsulU93aVWY7u2GEJiDZ+4GIIElfaW5EqtKC0UHroY+LTQ==
  dependencies:
    "@changesets/git" "^4.0.1"
    "@changesets/parse" "^1.0.0"
    "@changesets/types" "^7.0.0"

"@changesets/should-skip-package@^1.0.0":
  version "1.0.0"
  resolved "https://registry.yarnpkg.com/@changesets/should-skip-package/-/should-skip-package-1.0.0.tgz#e9ec50dfa8bda903285e18981dd539ccd3fe84c7"
  integrity sha512-pwqoJmbONn1XgXmZXPEExgAaT+HdZLjALFTDgIm+PnS5KeO2nLtzA2/Q+4aMFY14kFMuXKG30MObhvDzWgzDgg==
  dependencies:
    "@changesets/types" "^7.0.0"

"@changesets/types@^7.0.0":
  version "7.0.0"
  resolved "https://registry.yarnpkg.com/@changesets/types/-/types-7.0.0.tgz#60883fa02b6dbe1b68b025760ff4f7386c3da8c7"
  integrity sha512-c5GoiQyt3pxiXjrWSNoP8/GRf4kG+VnKzovx1OQM8dYYALlSwgedmkPmJ+ZqGxqwg9D3Bkj85Uo4KLd5BN3A0w==

"@changesets/write@^1.0.1":
  version "1.0.1"
  resolved "https://registry.yarnpkg.com/@changesets/write/-/write-1.0.1.tgz#4aa7dcb7ff976710775aef2d9db3b18bfd06c34c"
  integrity sha512-q/ThtP9gcnEP6xlv7LrY26C2mHqdGBti/MmOVngt/M/oIGYkssmQGxPK9WzBNt2juVcH/vml2WQ+ra8LXYOTaA==
  dependencies:
    "@changesets/format" "^0.1.1"
    "@changesets/types" "^7.0.0"
    human-id "^4.2.0"

"@clack/core@1.5.0":
  version "1.5.0"
  resolved "https://registry.yarnpkg.com/@clack/core/-/core-1.5.0.tgz#05819da9b327eb8fe2eff0b51a63f1370e09be8a"
  integrity sha512-zNikCcd8BbcEvzzG1sbXFrRHFk5kHPrpwZwksPvf9qyQO1Teb7JaXaOAxXZei9nZLDW0gaZawiuTCji88bTBhw==
  dependencies:
    fast-wrap-ansi "^0.2.0"
    sisteransi "^1.0.5"

"@clack/prompts@^1.7.0":
  version "1.8.0"
  resolved "https://registry.yarnpkg.com/@clack/prompts/-/prompts-1.8.0.tgz#ef1faf6d4528747e355baef916b6423592d58ca6"
  integrity sha512-PXzLZ8N34rxmuo4dJg3xtOXhcBse94qGjDqsteoEYrFrrZ5FSjIGwMAuOcv64ln8rHVBBD06XeVGr+/JX+plcA==
  dependencies:
    "@clack/core" "1.5.0"
    fast-string-width "^3.0.2"
    fast-wrap-ansi "^0.2.0"
    sisteransi "^1.0.5"

"@manypkg/find-root@^3.1.0":
  version "3.1.0"
  resolved "https://registry.yarnpkg.com/@manypkg/find-root/-/find-root-3.1.0.tgz#dde5798a08fb2d0e05ee8ba3b745134532cc7b74"
  integrity sha512-BcSqCyKhBVZ5YkSzOiheMCV41kqAFptW6xGqYSTjkVTl9XQpr+pqHhwgGCOHQtjDCv7Is6EFyA14Sm5GVbVABA==
  dependencies:
    "@manypkg/tools" "^2.1.0"

"@manypkg/get-packages@^3.1.0":
  version "3.1.0"
  resolved "https://registry.yarnpkg.com/@manypkg/get-packages/-/get-packages-3.1.0.tgz#c97510b6386cab9c4a59e4a7fc2757753ef18865"
  integrity sha512-0TbBVyvPrP7xGYBI/cP8UP+yl/z+HtbTttAD7FMAJgn/kXOTwh5/60TsqP9ZYY710forNfyV0N8P/IE/ujGZJg==
  dependencies:
    "@manypkg/find-root" "^3.1.0"
    "@manypkg/tools" "^2.1.0"

"@manypkg/tools@^2.1.0":
  version "2.1.2"
  resolved "https://registry.yarnpkg.com/@manypkg/tools/-/tools-2.1.2.tgz#45cc1fdc9ccc6ba75fba0fff4d758d1fde832482"
  integrity sha512-6QEf6yqFbETdwGITKq57aYoPfX/3K8XFNwsAlx0C1M7o8cb79sv1M3w+tWuWvIcSbNqrLF7OD7YpZMVVz335hQ==
  dependencies:
    jju "^1.4.0"
    tinyglobby "^0.2.13"
    yaml "^2.9.0"

"@pnpm/deps.graph-sequencer@^1100.0.1":
  version "1100.0.1"
  resolved "https://registry.yarnpkg.com/@pnpm/deps.graph-sequencer/-/deps.graph-sequencer-1100.0.1.tgz#8a2aeed98855391404ad808494f0230ff5f33139"
  integrity sha512-pOr5+q1fLYKwFN3LAJuGZEnfXDcQ73zqgDHMtGy+K+uIoUqyY+6MeDCWFwfu+4EFuq76I5EPFofoNAI+Bmmq4A==

"@textlint-rule/textlint-rule-no-invalid-control-character@^3.0.0":
  version "3.0.0"
  resolved "https://registry.yarnpkg.com/@textlint-rule/textlint-rule-no-invalid-control-character/-/textlint-rule-no-invalid-control-character-3.0.0.tgz#9d9da5daaddf2beba1e6eee83cab0a42084ae9a0"
  integrity sha512-2o9n4z49ntSPtJPlcJtxakyB4dAg2MKSvR9ZCZEHjye0ee27oWYzK6yHz2HjsXQqt9VeCwxNHDOIGIx2CQX0Dw==

"@textlint/ast-node-types@^13.0.2":
  version "13.0.2"
  resolved "https://registry.yarnpkg.com/@textlint/ast-node-types/-/ast-node-types-13.0.2.tgz#15761c7f8a12384b1a17bbbf176e8d5c9e9884c7"
  integrity sha512-4l+acQ88z44nLM7uchP25TIc6BFy7W0puI1a4DtBHyk53P2aUXI+JE30GuhzsPUkqwGGcEnTeE3zOA1WNQi5lw==

"@textlint/ast-node-types@^13.4.1":
  version "13.4.1"
  resolved "https://registry.yarnpkg.com/@textlint/ast-node-types/-/ast-node-types-13.4.1.tgz#00424f7b9bc6fe15cf6a78468ffe1e5d1adce5b2"
  integrity sha512-qrZyhCh8Ekk6nwArx3BROybm9BnX6vF7VcZbijetV/OM3yfS4rTYhoMWISmhVEP2H2re0CtWEyMl/XF+WdvVLQ==

"@textlint/ast-node-types@^4.2.1", "@textlint/ast-node-types@^4.4.2":
  version "4.4.2"
  resolved "https://registry.yarnpkg.com/@textlint/ast-node-types/-/ast-node-types-4.4.2.tgz#d3fda5c9086baba04bc75440039ccf18415c8446"
  integrity sha512-m5brKbI7UY/Q8sbIZ7z1KB8ls04nRILshz5fPQ4EZ04jL19qrrUHJR8A6nK3vJ/GelkDWl4I0VDYSAjLEFQV8g==

"@textlint/module-interop@^15.0.0":
  version "15.2.1"
  resolved "https://registry.yarnpkg.com/@textlint/module-interop/-/module-interop-15.2.1.tgz#97d05335280cdf680427c6eede2a4be448f24be3"
  integrity sha512-b/C/ZNrm05n1ypymDknIcpkBle30V2ZgE3JVqQlA9PnQV46Ky510qrZk6s9yfKgA3m1YRnAw04m8xdVtqjq1qg==

"@textlint/regexp-string-matcher@^2.0.2":
  version "2.0.2"
  resolved "https://registry.yarnpkg.com/@textlint/regexp-string-matcher/-/regexp-string-matcher-2.0.2.tgz#cef4d8353dac624086069e290d9631ca285df34d"
  integrity sha512-OXLD9XRxMhd3S0LWuPHpiARQOI7z9tCOs0FsynccW2lmyZzHHFJ9/eR6kuK9xF459Qf+740qI5h+/0cx+NljzA==
  dependencies:
    escape-string-regexp "^4.0.0"
    lodash.sortby "^4.7.0"
    lodash.uniq "^4.5.0"
    lodash.uniqwith "^4.5.0"

"@textlint/types@^1.1.2":
  version "1.5.4"
  resolved "https://registry.yarnpkg.com/@textlint/types/-/types-1.5.4.tgz#4ebd6b052bb329810949516412ad2b285b04dc02"
  integrity sha512-bhSrOjW8AFSa/xf6lYZ2akE0j+4O/WEAA2S/R8RrjNMkA5Az2j57mxPNpqMhEeyHDkpzN/coIlqUwgYvcJHv1A==
  dependencies:
    "@textlint/ast-node-types" "^4.4.2"

"@types/unist@^2.0.0", "@types/unist@^2.0.2":
  version "2.0.3"
  resolved "https://registry.yarnpkg.com/@types/unist/-/unist-2.0.3.tgz#9c088679876f374eb5983f150d4787aa6fb32d7e"
  integrity sha512-FvUupuM3rlRsRtCN+fDudtmytGO6iHJuuRKS1Ss0pG5z8oX0diNEw94UEL7hgDbpN94rgaK5R7sWm6RrSkZuAQ==

analyze-desumasu-dearu@^5.0.1:
  version "5.0.1"
  resolved "https://registry.yarnpkg.com/analyze-desumasu-dearu/-/analyze-desumasu-dearu-5.0.1.tgz#2310d076f683483ab4d4460fd2a21ad54fb2ad9d"
  integrity sha512-r7ruCOqvqKxAzcvDzj7PdZOstOZP9wtw/wSIoV3FmNxF16CvytxhJnHYbSRhUwqzR542OO/J9CDRWS3SSp4hZA==
  dependencies:
    kuromojin "^3.0.0"

async@^2.0.1:
  version "2.6.4"
  resolved "https://registry.yarnpkg.com/async/-/async-2.6.4.tgz#706b7ff6084664cd7eae713f6f965433b5504221"
  integrity sha512-mzo5dfJYwAn29PeiJ0zvwTo04zj8HDJj0Mn8TD7sno7q12prdbnasKJHhkm2c1LgrhlJ0teaea8860oxi51mGA==
  dependencies:
    lodash "^4.17.14"

bail@^1.0.0:
  version "1.0.5"
  resolved "https://registry.yarnpkg.com/bail/-/bail-1.0.5.tgz#b6fa133404a392cbc1f8c4bf63f5953351e7a776"
  integrity sha512-xFbRxM1tahm08yHBP16MMjVUAvDaBMD38zsM9EMAUN61omwLmKlOpB/Zku5QkjZ8TZ4vn53pj+t518cH0S03RQ==

boundary@^1.0.1:
  version "1.0.1"
  resolved "https://registry.yarnpkg.com/boundary/-/boundary-1.0.1.tgz#4d67dc2602c0cc16dd9bce7ebf87e948290f5812"
  integrity sha1-TWfcJgLAzBbdm85+v4fpSCkPWBI=

boundary@^2.0.0:
  version "2.0.0"
  resolved "https://registry.yarnpkg.com/boundary/-/boundary-2.0.0.tgz#169c8b1f0d44cf2c25938967a328f37e0a4e5efc"
  integrity sha512-rJKn5ooC9u8q13IMCrW0RSp31pxBCHE3y9V/tp3TdWSLf8Em3p6Di4NBpfzbJge9YjjFEsD0RtFEjtvHL5VyEA==

cac@^7.0.0:
  version "7.0.0"
  resolved "https://registry.yarnpkg.com/cac/-/cac-7.0.0.tgz#7dda83da2268f75f840ab89ac3bcc36c120a78da"
  integrity sha512-tixWYgm5ZoOD+3g6UTea91eow5z6AAHaho3g0V9CNSNb45gM8SmflpAc+GRd1InC4AqN/07Unrgp56Y94N9hJQ==

call-bind@^1.0.2:
  version "1.0.2"
  resolved "https://registry.yarnpkg.com/call-bind/-/call-bind-1.0.2.tgz#b1d4e89e688119c3c9a903ad30abb2f6a919be3c"
  integrity sha512-7O+FbCihrB5WGbFYesctwmTKae6rOiIzmz1icreWJ+0aA7LJfuqhEso2T9ncpcFtzMQtzXf2QGGueWJGTYsqrA==
  dependencies:
    function-bind "^1.1.1"
    get-intrinsic "^1.0.2"

ccount@^1.0.3:
  version "1.1.0"
  resolved "https://registry.yarnpkg.com/ccount/-/ccount-1.1.0.tgz#246687debb6014735131be8abab2d93898f8d043"
  integrity sha512-vlNK021QdI7PNeiUh/lKkC/mNHHfV0m/Ad5JoI0TYtlBnJAslM/JIkm/tGC88bkLIwO6OQ5uV6ztS6kVAtCDlg==

comma-separated-tokens@^1.0.0:
  version "1.0.8"
  resolved "https://registry.yarnpkg.com/comma-separated-tokens/-/comma-separated-tokens-1.0.8.tgz#632b80b6117867a158f1080ad498b2fbe7e3f5ea"
  integrity sha512-GHuDRO12Sypu2cV70d1dkA2EUmXHgntrzbpvOB+Qy+49ypNfGgFQIC2fhhXbnyrJRynDCAARsT7Ou0M6hirpfw==

define-properties@^1.1.3:
  version "1.1.3"
  resolved "https://registry.yarnpkg.com/define-properties/-/define-properties-1.1.3.tgz#cf88da6cbee26fe6db7094f61d870cbd84cee9f1"
  integrity sha512-3MqfYKj2lLzdMSf8ZIZE/V+Zuy+BgD6f164e8K2w7dgnpKArBDerGYpM46IYYcjnkdPNMjPk9A6VFB8+3SKlXQ==
  dependencies:
    object-keys "^1.0.12"

doublearray@0.0.2:
  version "0.0.2"
  resolved "https://registry.yarnpkg.com/doublearray/-/doublearray-0.0.2.tgz#63186fe8d34413276d3621f6aa0ec5f79e227ef9"
  integrity sha1-Yxhv6NNEEydtNiH2qg7F954ifvk=

escape-string-regexp@^4.0.0:
  version "4.0.0"
  resolved "https://registry.yarnpkg.com/escape-string-regexp/-/escape-string-regexp-4.0.0.tgz#14ba83a5d373e3d311e5afca29cf5bfad965bf34"
  integrity sha512-TtpcNJ3XAzx3Gq8sWRzJaVajRs0uVxA2YAkdb1jm2YkPz4G6egUFAyA3n5vtEIZefPk5Wa4UXbKuS5fKkJWdgA==

extend@^3.0.0:
  version "3.0.2"
  resolved "https://registry.yarnpkg.com/extend/-/extend-3.0.2.tgz#f8b1136b4071fbd8eb140aff858b1019ec2915fa"
  integrity sha512-fjquC59cD7CyW6urNXK0FBufkZcoiGG80wTuPujX590cB5Ttln20E2UB4S/WARVqhXffZl2LNgS+gQdPIIim/g==

fast-string-truncated-width@^3.0.2:
  version "3.0.3"
  resolved "https://registry.yarnpkg.com/fast-string-truncated-width/-/fast-string-truncated-width-3.0.3.tgz#23afe0da67d752ca0727538f1e6967759728ce49"
  integrity sha512-0jjjIEL6+0jag3l2XWWizO64/aZVtpiGE3t0Zgqxv0DPuxiMjvB3M24fCyhZUO4KomJQPj3LTSUnDP3GpdwC0g==

fast-string-width@^3.0.2:
  version "3.0.2"
  resolved "https://registry.yarnpkg.com/fast-string-width/-/fast-string-width-3.0.2.tgz#16dbabb491ce5585b5ecb675b65c165d71688eeb"
  integrity sha512-gX8LrtNEI5hq8DVUfRQMbr5lpaS4nMIWV+7XEbXk2b8kiQIizgnlr12B4dA3ZEx3308ze0O4Q1R+cHts8kyUJg==
  dependencies:
    fast-string-truncated-width "^3.0.2"

fast-wrap-ansi@^0.2.0:
  version "0.2.2"
  resolved "https://registry.yarnpkg.com/fast-wrap-ansi/-/fast-wrap-ansi-0.2.2.tgz#95e952a0145bce3f59ad56e179f84c48d4072935"
  integrity sha512-7F2Fl+TjRSenLqlU3UjSH0iyqopqoZIu7eZVpEirP2g1GtWa2G/ecEmBdgz31+Mxr+ELclgg6sokpSFIQiZ02Q==
  dependencies:
    fast-string-width "^3.0.2"

fdir@^6.5.0:
  version "6.5.0"
  resolved "https://registry.yarnpkg.com/fdir/-/fdir-6.5.0.tgz#ed2ab967a331ade62f18d077dae192684d50d350"
  integrity sha512-tIbYtZbucOs0BRGqPJkshJUYdL+SDH7dVM8gjy+ERp3WAUjLEFJE+02kanyHtwjWOnwrKYBiwAmM0p4kLJAnXg==

function-bind@^1.1.1:
  version "1.1.1"
  resolved "https://registry.yarnpkg.com/function-bind/-/function-bind-1.1.1.tgz#a56899d3ea3c9bab874bb9773b7c5ede92f4895d"
  integrity sha512-yIovAzMX49sF8Yl58fSCWJ5svSLuaibPxXQJFLmBObTuCr0Mf1KiPopGM9NiFjiYBCbfaa2Fh6breQ6ANVTI0A==

get-intrinsic@^1.0.2:
  version "1.1.1"
  resolved "https://registry.yarnpkg.com/get-intrinsic/-/get-intrinsic-1.1.1.tgz#15f59f376f855c446963948f0d24cd3637b4abc6"
  integrity sha512-kWZrnVM42QCiEA2Ig1bG8zjoIMOgxWwYCEeNdwY6Tv/cOSeGpcoX4pXHfKUxNKVoArnrEr2e9srnAxxGIraS9Q==
  dependencies:
    function-bind "^1.1.1"
    has "^1.0.3"
    has-symbols "^1.0.1"

has-symbols@^1.0.1:
  version "1.0.2"
  resolved "https://registry.yarnpkg.com/has-symbols/-/has-symbols-1.0.2.tgz#165d3070c00309752a1236a479331e3ac56f1423"
  integrity sha512-chXa79rL/UC2KlX17jo3vRGz0azaWEx5tGqZg5pO3NUyEJVB17dMruQlzCCOfUvElghKcm5194+BCRvi2Rv/Gw==

has@^1.0.3:
  version "1.0.3"
  resolved "https://registry.yarnpkg.com/has/-/has-1.0.3.tgz#722d7cbfc1f6aa8241f16dd814e011e1f41e8796"
  integrity sha512-f2dvO0VU6Oej7RkWJGrehjbzMAjFp5/VKPp5tTpWIV4JHHZK1/BxbFRtf/siA2SWTe09caDmVtYYzWEIbBS4zw==
  dependencies:
    function-bind "^1.1.1"

hast-util-from-parse5@^5.0.0:
  version "5.0.3"
  resolved "https://registry.yarnpkg.com/hast-util-from-parse5/-/hast-util-from-parse5-5.0.3.tgz#3089dc0ee2ccf6ec8bc416919b51a54a589e097c"
  integrity sha512-gOc8UB99F6eWVWFtM9jUikjN7QkWxB3nY0df5Z0Zq1/Nkwl5V4hAAsl0tmwlgWl/1shlTF8DnNYLO8X6wRV9pA==
  dependencies:
    ccount "^1.0.3"
    hastscript "^5.0.0"
    property-information "^5.0.0"
    web-namespaces "^1.1.2"
    xtend "^4.0.1"

hast-util-parse-selector@^2.0.0:
  version "2.2.5"
  resolved "https://registry.yarnpkg.com/hast-util-parse-selector/-/hast-util-parse-selector-2.2.5.tgz#d57c23f4da16ae3c63b3b6ca4616683313499c3a"
  integrity sha512-7j6mrk/qqkSehsM92wQjdIgWM2/BW61u/53G6xmC8i1OmEdKLHbk419QKQUjz6LglWsfqoiHmyMRkP1BGjecNQ==

hastscript@^5.0.0:
  version "5.1.2"
  resolved "https://registry.yarnpkg.com/hastscript/-/hastscript-5.1.2.tgz#bde2c2e56d04c62dd24e8c5df288d050a355fb8a"
  integrity sha512-WlztFuK+Lrvi3EggsqOkQ52rKbxkXL3RwB6t5lwoa8QLMemoWfBuL43eDrwOamJyR7uKQKdmKYaBH1NZBiIRrQ==
  dependencies:
    comma-separated-tokens "^1.0.0"
    hast-util-parse-selector "^2.0.0"
    property-information "^5.0.0"
    space-separated-tokens "^1.0.0"

human-id@^4.2.0:
  version "4.2.1"
  resolved "https://registry.yarnpkg.com/human-id/-/human-id-4.2.1.tgz#8e0910142f38b83ad9b607f19b91ff5c720da579"
  integrity sha512-zPGsiS+dWoTZtZ4AtpA9Y+BdSFSNWvnouNlWNoUFyAM6xHOHmdCvqO3k8AIbdamCOv4gUFUVNPf6rJFfc4UiJw==

import-meta-resolve@^4.2.0:
  version "4.2.0"
  resolved "https://registry.yarnpkg.com/import-meta-resolve/-/import-meta-resolve-4.2.0.tgz#08cb85b5bd37ecc8eb1e0f670dc2767002d43734"
  integrity sha512-Iqv2fzaTQN28s/FwZAoFq0ZSs/7hMAHJVX+w8PZl3cY19Pxk6jFFalxQoIfW2826i/fDLXv8IiEZRIT0lDuWcg==

is-buffer@^2.0.0:
  version "2.0.5"
  resolved "https://registry.yarnpkg.com/is-buffer/-/is-buffer-2.0.5.tgz#ebc252e400d22ff8d77fa09888821a24a658c191"
  integrity sha512-i2R6zNFDwgEHJyQUtJEk0XFi1i0dPFn/oqjK3/vPCcDeJvW5NQ83V8QbicfF1SupOaB0h8ntgBC2YiE7dfyctQ==

is-plain-obj@^2.0.0:
  version "2.1.0"
  resolved "https://registry.yarnpkg.com/is-plain-obj/-/is-plain-obj-2.1.0.tgz#45e42e37fccf1f40da8e5f76ee21515840c09287"
  integrity sha512-YWnfyRwxL/+SsrWYfOpUtz5b3YD+nyfkHvjbcanzk8zgyO4ASD67uVMRt8k5bM4lLMDnXfriRhOpemw+NfT1eA==

jju@^1.4.0:
  version "1.4.0"
  resolved "https://registry.yarnpkg.com/jju/-/jju-1.4.0.tgz#a3abe2718af241a2b2904f84a625970f389ae32a"
  integrity sha512-8wb9Yw966OSxApiCt0K3yNJL8pnNeIv+OEq2YMidz4FKP6nonSRoOXc80iXY4JaN2FC11B9qsNmDsm+ZOfMROA==

jsonc-parser@^3.3.1:
  version "3.3.1"
  resolved "https://registry.yarnpkg.com/jsonc-parser/-/jsonc-parser-3.3.1.tgz#f2a524b4f7fd11e3d791e559977ad60b98b798b4"
  integrity sha512-HUgH65KyejrUFPvHFPbqOY0rsFip3Bo5wb4ngvdi1EpCYWUQDC5V+Y7mZws+DLkr4M//zQJoanu1SP+87Dv1oQ==

kuromoji@0.1.2:
  version "0.1.2"
  resolved "https://registry.yarnpkg.com/kuromoji/-/kuromoji-0.1.2.tgz#293f0d6706df006112137980588d5daac26d0790"
  integrity sha512-V0dUf+C2LpcPEXhoHLMAop/bOht16Dyr+mDiIE39yX3vqau7p80De/koFqpiTcL1zzdZlc3xuHZ8u5gjYRfFaQ==
  dependencies:
    async "^2.0.1"
    doublearray "0.0.2"
    zlibjs "^0.3.1"

kuromojin@^3.0.0:
  version "3.0.0"
  resolved "https://registry.yarnpkg.com/kuromojin/-/kuromojin-3.0.0.tgz#54a1a6643110f49f741c4beb82fef400d1cd498b"
  integrity sha512-3h3qnn/NVVhqoKFP4oc7e6apO2B01Atc056oiVlIY7Uoup4rhrnBe28g3y9lK1HTmLDQEejvXB+3I3qxAneF7A==
  dependencies:
    kuromoji "0.1.2"
    lru_map "^0.4.1"

launch-editor@^2.14.1:
  version "2.14.1"
  resolved "https://registry.yarnpkg.com/launch-editor/-/launch-editor-2.14.1.tgz#f7e0da3f58aaea03fea01074d840b5f739ed7ddc"
  integrity sha512-QWBrQsMpH7gPr965dsKD/3cKWiNoTjpATQf++Xq63N6sKRGMwlVXz41O1IZTMfZQgBctD/K5Zt06+/I6pP6+HA==
  dependencies:
    picocolors "^1.1.1"
    shell-quote "^1.8.4"

lodash.sortby@^4.7.0:
  version "4.7.0"
  resolved "https://registry.yarnpkg.com/lodash.sortby/-/lodash.sortby-4.7.0.tgz#edd14c824e2cc9c1e0b0a1b42bb5210516a42438"
  integrity sha1-7dFMgk4sycHgsKG0K7UhBRakJDg=

lodash.uniq@^4.5.0:
  version "4.5.0"
  resolved "https://registry.yarnpkg.com/lodash.uniq/-/lodash.uniq-4.5.0.tgz#d0225373aeb652adc1bc82e4945339a842754773"
  integrity sha1-0CJTc662Uq3BvILklFM5qEJ1R3M=

lodash.uniqwith@^4.5.0:
  version "4.5.0"
  resolved "https://registry.yarnpkg.com/lodash.uniqwith/-/lodash.uniqwith-4.5.0.tgz#7a0cbf65f43b5928625a9d4d0dc54b18cadc7ef3"
  integrity sha1-egy/ZfQ7WShiWp1NDcVLGMrcfvM=

lodash@^4.17.14:
  version "4.17.21"
  resolved "https://registry.yarnpkg.com/lodash/-/lodash-4.17.21.tgz#679591c564c3bffaae8454cf0b3df370c3d6911c"
  integrity sha512-v2kDEe57lecTulaDIuNTPy3Ry4gLGJ6Z1O3vE1krgXZNrsQ+LFTGHVxVjcXPs17LhbZVGedAJv8XZ1tvj5FvSg==

lru-cache@^6.0.0:
  version "6.0.0"
  resolved "https://registry.yarnpkg.com/lru-cache/-/lru-cache-6.0.0.tgz#6d6fe6570ebd96aaf90fcad1dafa3b2566db3a94"
  integrity sha512-Jo6dJ04CmSjuznwJSS3pUeWmd/H0ffTlkXXgwZi+eq1UCmqQwCh+eLsYOYCwY991i2Fah4h1BEMCx4qThGbsiA==
  dependencies:
    yallist "^4.0.0"

lru_map@^0.4.1:
  version "0.4.1"
  resolved "https://registry.yarnpkg.com/lru_map/-/lru_map-0.4.1.tgz#f7b4046283c79fb7370c36f8fca6aee4324b0a98"
  integrity sha512-I+lBvqMMFfqaV8CJCISjI3wbjmwVu/VyOoU7+qtu9d7ioW5klMgsTTiUOUp+DJvfTTzKXoPbyC6YfgkNcyPSOg==

match-index@^1.0.3:
  version "1.0.3"
  resolved "https://registry.yarnpkg.com/match-index/-/match-index-1.0.3.tgz#752ec60c6586ea5dd440d5e62cfbff25838c071a"
  integrity sha512-1XjyBWqCvEFFUDW/MPv0RwbITRD4xQXOvKoPYtLDq8IdZTfdF/cQSo5Yn4qvhfSSZgjgkTFsqJD2wOUG4ovV8Q==
  dependencies:
    regexp.prototype.flags "^1.1.1"

object-keys@^1.0.12:
  version "1.1.1"
  resolved "https://registry.yarnpkg.com/object-keys/-/object-keys-1.1.1.tgz#1c47f272df277f3b1daf061677d9c82e2322c60e"
  integrity sha512-NuAESUOUMrlIXOfHKzD6bpPu3tYt3xvjNdRIQ+FeT0lNb4K8WR70CaDxhuNguS2XG+GjkyMwOzsN5ZktImfhLA==

package-manager-detector@^1.6.0, package-manager-detector@^1.8.0:
  version "1.8.0"
  resolved "https://registry.yarnpkg.com/package-manager-detector/-/package-manager-detector-1.8.0.tgz#70c9a2c4bd1a513dcd6cad006a9fcebec22a1253"
  integrity sha512-yQA4H19AmPEoMUeavPMDIe1higySl/gH/yaQrkT/s07Qp+7pp2hYz30N3z2l5BkjVkF9Ow6o0wjJamm2y7Sn0A==

parse5@^5.0.0:
  version "5.1.1"
  resolved "https://registry.yarnpkg.com/parse5/-/parse5-5.1.1.tgz#f68e4e5ba1852ac2cadc00f4555fff6c2abb6178"
  integrity sha512-ugq4DFI0Ptb+WWjAdOK16+u/nHfiIrcE+sh8kZMaM0WllQKLI9rOUq6c2b7cwPkXdzfQESqvoqK6ug7U/Yyzug==

picocolors@^1.1.1:
  version "1.1.1"
  resolved "https://registry.yarnpkg.com/picocolors/-/picocolors-1.1.1.tgz#3d321af3eab939b083c8f929a1d12cda81c26b6b"
  integrity sha512-xceH2snhtb5M9liqDsmEw56le376mTZkEX/jEb/RxNFyegNul7eNslCXP9FDj/Lcu0X8KEyMceP2ntpaHrDEVA==

picomatch@^4.0.4:
  version "4.0.7"
  resolved "https://registry.yarnpkg.com/picomatch/-/picomatch-4.0.7.tgz#6313360034ccb36b3dc61ecbdff78121f90fe21f"
  integrity sha512-qcJu88Q2IWqJsDD529JKMdwGm/dvInW4HvQnRwiH9JtihJvzGOscDtHE3x1pBKeUOTysQ8kVmLnJ2kJu7yhcGA==

property-information@^5.0.0:
  version "5.6.0"
  resolved "https://registry.yarnpkg.com/property-information/-/property-information-5.6.0.tgz#61675545fb23002f245c6540ec46077d4da3ed69"
  integrity sha512-YUHSPk+A30YPv+0Qf8i9Mbfe/C0hdPXk1s1jPVToV8pk8BQtpw10ct89Eo7OWkutrwqvT0eicAxlOg3dOAu8JA==
  dependencies:
    xtend "^4.0.0"

regexp.prototype.flags@^1.1.1:
  version "1.3.1"
  resolved "https://registry.yarnpkg.com/regexp.prototype.flags/-/regexp.prototype.flags-1.3.1.tgz#7ef352ae8d159e758c0eadca6f8fcb4eef07be26"
  integrity sha512-JiBdRBq91WlY7uRJ0ds7R+dU02i6LKi8r3BuQhNXn+kmeLN+EfHhfjqMRis1zJxnlu88hq/4dx0P2OP3APRTOA==
  dependencies:
    call-bind "^1.0.2"
    define-properties "^1.1.3"

rehype-parse@^6.0.1:
  version "6.0.2"
  resolved "https://registry.yarnpkg.com/rehype-parse/-/rehype-parse-6.0.2.tgz#aeb3fdd68085f9f796f1d3137ae2b85a98406964"
  integrity sha512-0S3CpvpTAgGmnz8kiCyFLGuW5yA4OQhyNTm/nwPopZ7+PI11WnGl1TTWTGv/2hPEe/g2jRLlhVVSsoDH8waRug==
  dependencies:
    hast-util-from-parse5 "^5.0.0"
    parse5 "^5.0.0"
    xtend "^4.0.0"

semver@^7.5.4:
  version "7.6.0"
  resolved "https://registry.yarnpkg.com/semver/-/semver-7.6.0.tgz#1a46a4db4bffcccd97b743b5005c8325f23d4e2d"
  integrity sha512-EnwXhrlwXMk9gKu5/flx5sv/an57AkRplG3hTK68W7FRDN+k+OWBj65M7719OkA82XLBxrcX0KSHj+X5COhOVg==
  dependencies:
    lru-cache "^6.0.0"

semver@^7.8.1:
  version "7.8.5"
  resolved "https://registry.yarnpkg.com/semver/-/semver-7.8.5.tgz#39b646037dd50c14fb451e7e4cac58ed8b863f69"
  integrity sha512-Y7/KDsb8LjooZpwaqGyulO6DQlksgCncchHGk+sZIY4SBvUocMBEFH5Ur1fI4dV+Jvl0w6cjvucaIi40puRioA==

sentence-splitter@^5.0.0:
  version "5.0.0"
  resolved "https://registry.yarnpkg.com/sentence-splitter/-/sentence-splitter-5.0.0.tgz#48535c6c5438a57140626c532f0e1b86c5effa30"
  integrity sha512-9Mvf7L8vwpPzkH0/HtXzCbmVkyj4aQXdeG7h8ighRvO0hvcZEy2OUEjeIlnM/z4EX4vBacEfpESC65Oa2rWOig==
  dependencies:
    "@textlint/ast-node-types" "^13.4.1"
    structured-source "^4.0.0"

shell-quote@^1.8.4:
  version "1.10.0"
  resolved "https://registry.yarnpkg.com/shell-quote/-/shell-quote-1.10.0.tgz#482033e192e4f5c07151521ffa03400ec71b1b0f"
  integrity sha512-w1aiOKwKuRgtwAReIIj89puqg+I7GvX4IbLrvmhXbzQsj1+Zwi4VO3+fa6ZF91TWSjIxoEkKnMeHcLEODK5ZXA==

sisteransi@^1.0.5:
  version "1.0.5"
  resolved "https://registry.yarnpkg.com/sisteransi/-/sisteransi-1.0.5.tgz#134d681297756437cc05ca01370d3a7a571075ed"
  integrity sha512-bLGGlR1QxBcynn2d5YmDX4MGjlZvy2MRBDRNHLJ8VI6l6+9FUiyTFNJ0IveOSP0bcXgVDPRcfGqA0pjaqUpfVg==

space-separated-tokens@^1.0.0:
  version "1.1.5"
  resolved "https://registry.yarnpkg.com/space-separated-tokens/-/space-separated-tokens-1.1.5.tgz#85f32c3d10d9682007e917414ddc5c26d1aa6899"
  integrity sha512-q/JSVd1Lptzhf5bkYm4ob4iWPjx0KiRe3sRFBNrVqbJkFaBm5vbbowy1mymoPNLRa52+oadOhJ+K49wsSeSjTA==

structured-source@^3.0.2:
  version "3.0.2"
  resolved "https://registry.yarnpkg.com/structured-source/-/structured-source-3.0.2.tgz#dd802425e0f53dc4a6e7aca3752901a1ccda7af5"
  integrity sha1-3YAkJeD1PcSm56yjdSkBoczaevU=
  dependencies:
    boundary "^1.0.1"

structured-source@^4.0.0:
  version "4.0.0"
  resolved "https://registry.yarnpkg.com/structured-source/-/structured-source-4.0.0.tgz#0c9e59ee43dedd8fc60a63731f60e358102a4948"
  integrity sha512-qGzRFNJDjFieQkl/sVOI2dUjHKRyL9dAJi2gCPGJLbJHBIkyOHxjuocpIEfbLioX+qSJpvbYdT49/YCdMznKxA==
  dependencies:
    boundary "^2.0.0"

textlint-rule-helper@^2.1.1:
  version "2.1.1"
  resolved "https://registry.yarnpkg.com/textlint-rule-helper/-/textlint-rule-helper-2.1.1.tgz#d572588685359134bc779939b217e61f087dab0f"
  integrity sha512-6fxgHzoJVkjl3LaC1b2Egi+5wbhG4i0pU0knJmQujVhxIJ3D3AcQQZPs457xKAi5xKz1WayYeTeJ5jrD/hnO7g==
  dependencies:
    "@textlint/ast-node-types" "^4.2.1"
    "@textlint/types" "^1.1.2"
    structured-source "^3.0.2"
    unist-util-visit "^1.1.0"

textlint-rule-helper@^2.3.0:
  version "2.3.0"
  resolved "https://registry.yarnpkg.com/textlint-rule-helper/-/textlint-rule-helper-2.3.0.tgz#5ab84db686d42fd2e39a63b40310501bb336520d"
  integrity sha512-Ug78Saahb/qVImttL0NSFyT5/JJ5wXvOPepR2pYAjNi54BsQAAz/hAyyEgKuYeR0+yjFb0KPhby4f880X5vqHA==
  dependencies:
    "@textlint/ast-node-types" "^13.0.2"
    structured-source "^4.0.0"
    unist-util-visit "^2.0.3"

textlint-rule-helper@^2.3.1:
  version "2.3.1"
  resolved "https://registry.yarnpkg.com/textlint-rule-helper/-/textlint-rule-helper-2.3.1.tgz#d2b82dbd46f25694fd315cbee46479bb545af87f"
  integrity sha512-b1bijvyiUmKinfFE5hkQMSXs3Ky8jyZ3Y6SOoTRJKV9HLL2LWUVFAUezO7z4FpAkVvYruDYWCwA5qWV8GmvyUw==
  dependencies:
    "@textlint/ast-node-types" "^13.4.1"
    structured-source "^4.0.0"
    unist-util-visit "^2.0.3"

textlint-rule-max-ten@^5.0.0:
  version "5.0.0"
  resolved "https://registry.yarnpkg.com/textlint-rule-max-ten/-/textlint-rule-max-ten-5.0.0.tgz#37fdb94ee1e0ded1daf509c3b7bbc48983160843"
  integrity sha512-EWOvbEa3Ukxz0+GAUEJ91DYFSC3IkyJ10dBcsU6VlL33k1BvTRoFr3m26w6upnXJffXQUI70Etn39I++2duyhA==
  dependencies:
    kuromojin "^3.0.0"
    sentence-splitter "^5.0.0"
    textlint-rule-helper "^2.3.1"
    textlint-util-to-string "^3.3.4"

textlint-rule-no-double-negative-ja@^2.0.1:
  version "2.0.1"
  resolved "https://registry.yarnpkg.com/textlint-rule-no-double-negative-ja/-/textlint-rule-no-double-negative-ja-2.0.1.tgz#3784a958dd9e625cca078c73de278dbfe69e7f79"
  integrity sha512-LRofmNt+nd2mp+AHmG0ltk9AlbzKbWPE+EToYQ1zORCd8N8suE1YxNEplz9OeQ59ea9ITtudDIWoqeHaZnbDsg==
  dependencies:
    kuromojin "^3.0.0"

textlint-rule-no-doubled-conjunction@^3.0.0:
  version "3.0.0"
  resolved "https://registry.yarnpkg.com/textlint-rule-no-doubled-conjunction/-/textlint-rule-no-doubled-conjunction-3.0.0.tgz#b7be915bcc603cc0cfbd5b96b1ea7dc56290a6aa"
  integrity sha512-Ja7AK2MRVe/fpG7XmTPRbq6JEDqlzDrNjH1EQoaMqFhlGKzrlHmdMfRLAZ3Lh3FSR0Lkk2GgR3MDnXzlFAp1/Q==
  dependencies:
    kuromojin "^3.0.0"
    sentence-splitter "^5.0.0"
    textlint-rule-helper "^2.3.1"

textlint-rule-no-doubled-conjunctive-particle-ga@^3.0.0:
  version "3.0.0"
  resolved "https://registry.yarnpkg.com/textlint-rule-no-doubled-conjunctive-particle-ga/-/textlint-rule-no-doubled-conjunctive-particle-ga-3.0.0.tgz#6787af321c80f0ed631e6b505190515cfca7e38d"
  integrity sha512-4IowX2YlTlD9VifThZwpENRh918BpPNTks0i4bOL7Gn82jUiXK0EZuV8Jtksm7i+RYG1xsO0U7P9AnxmuSxeDg==
  dependencies:
    kuromojin "^3.0.0"
    sentence-splitter "^5.0.0"
    textlint-rule-helper "^2.3.1"
    textlint-util-to-string "^3.3.4"

textlint-rule-no-doubled-joshi@^5.0.0:
  version "5.0.0"
  resolved "https://registry.yarnpkg.com/textlint-rule-no-doubled-joshi/-/textlint-rule-no-doubled-joshi-5.0.0.tgz#44cd96dd102b0ea7dede226f6795d5ca890f79ac"
  integrity sha512-1GvkK10T+UFkpUzzGUE3f2orAbaEAPQFWuKWNV//H+ksIhq4QKj7CVEfOXXw4kyDzQkETnh5bKpQW4kwQa+ooA==
  dependencies:
    kuromojin "^3.0.0"
    sentence-splitter "^5.0.0"
    textlint-rule-helper "^2.3.1"
    textlint-util-to-string "^3.3.4"

textlint-rule-no-dropping-the-ra@^3.0.0:
  version "3.0.0"
  resolved "https://registry.yarnpkg.com/textlint-rule-no-dropping-the-ra/-/textlint-rule-no-dropping-the-ra-3.0.0.tgz#cc408b719302818e52917f5dee537e1007c206e2"
  integrity sha512-KbSIlcxj1kLs4sGSMSLGA8OmgRoaPAWtodJaGEyEUiy7uiZM/VPqYALpuD8vf16N1OR5SM/bXXeZFME65r8ZgQ==
  dependencies:
    kuromojin "^3.0.0"
    textlint-rule-helper "^2.1.1"

textlint-rule-no-kangxi-radicals@^0.2.2:
  version "0.2.2"
  resolved "https://registry.yarnpkg.com/textlint-rule-no-kangxi-radicals/-/textlint-rule-no-kangxi-radicals-0.2.2.tgz#4791cff4231d071e04054871e6ad6a258307febe"
  integrity sha512-/6/gOhh2K6pfAAarUMMXW0c1Gy35eA764MjCd6SOp1SPlduaIUu6e7PxnTZsyBBKFA83LLgUn/OgfSpsY3QqSg==
  dependencies:
    match-index "^1.0.3"

textlint-rule-no-mix-dearu-desumasu@^6.0.0:
  version "6.0.0"
  resolved "https://registry.yarnpkg.com/textlint-rule-no-mix-dearu-desumasu/-/textlint-rule-no-mix-dearu-desumasu-6.0.0.tgz#f2686cbd6141a9ea8358b1b58ee8160940c4fcbd"
  integrity sha512-x/BuR16/noylj7e5vI7J85w2oDH88bIVWNZPvfTZOhFsdNRa6PQvNqYBTrZO9od8VdQIXnaU9fDK08H0Osh4Kw==
  dependencies:
    analyze-desumasu-dearu "^5.0.1"
    textlint-rule-helper "^2.3.1"

textlint-rule-no-nfd@^2.0.2:
  version "2.0.2"
  resolved "https://registry.yarnpkg.com/textlint-rule-no-nfd/-/textlint-rule-no-nfd-2.0.2.tgz#61bba87031773349c13dffbf77c1184eab1cbac9"
  integrity sha512-lIUvcQ+wqtConpPQU2YwEJl2dRcRyyrxPYZ3V76UwnkVg++XPLIrE5mLDgyNE/UIQ34e/KitJfMLqKWvnkFbNQ==
  dependencies:
    match-index "^1.0.3"
    textlint-rule-helper "^2.3.0"

textlint-rule-no-zero-width-spaces@^1.0.1:
  version "1.0.1"
  resolved "https://registry.yarnpkg.com/textlint-rule-no-zero-width-spaces/-/textlint-rule-no-zero-width-spaces-1.0.1.tgz#15a6abda05f08e483d5bb33a7034d904259d77a3"
  integrity sha512-AkxpzBILGB4YsXddzHx2xqpXmqMv5Yd+PQm4anUV+ADSJuwLP1Jd6yHf/LOtu9j3ps8K3XM9vQrXRK73z0bU3A==

textlint-rule-sentence-length@^5.0.0:
  version "5.0.0"
  resolved "https://registry.yarnpkg.com/textlint-rule-sentence-length/-/textlint-rule-sentence-length-5.0.0.tgz#f568bf5dd14772ef46adc48a6ad7c38dc02f7df1"
  integrity sha512-NRbzbMYSKZVZWTarJo/uVpHMGe91uZyR4td6fipWmDAwJjjX2HYa6aYEfLM/X99ymo9aLUnOD6wWaUttgViRbw==
  dependencies:
    "@textlint/regexp-string-matcher" "^2.0.2"
    sentence-splitter "^5.0.0"
    textlint-rule-helper "^2.3.1"
    textlint-util-to-string "^3.3.4"

textlint-util-to-string@^3.3.4:
  version "3.3.4"
  resolved "https://registry.yarnpkg.com/textlint-util-to-string/-/textlint-util-to-string-3.3.4.tgz#be889e195bcff8c34eec8ce23cde73e2b87cff54"
  integrity sha512-XF4Qfw0ES+czKy03BwuvBUoXC8NAg920VuRxW0pd72fW76zMeMbPI/bRN5PHq3SbCdOm7U69/Pk+DX34xqIYqA==
  dependencies:
    "@textlint/ast-node-types" "^13.4.1"
    rehype-parse "^6.0.1"
    structured-source "^4.0.0"
    unified "^8.4.0"

tinyexec@^1.3.0:
  version "1.3.1"
  resolved "https://registry.yarnpkg.com/tinyexec/-/tinyexec-1.3.1.tgz#16a2e3c6e23fafce72640e678e651db36145b9c6"
  integrity sha512-GCvB3aoys96IuDFBMcTB46JOR6mdMtAToqwiW8JlWhsoh1mhHi/xn9ss/Dg7N555GiJyEt2qzoG/NHCwM6h1EA==

tinyglobby@^0.2.13:
  version "0.2.17"
  resolved "https://registry.yarnpkg.com/tinyglobby/-/tinyglobby-0.2.17.tgz#562a9a6c9eb2b3b123d39719f9af5bb44fcd7631"
  integrity sha512-wXR/dYpcqKmfWpEdZjiKJOwCNFndD0DMnrW/cYjVGttEkBfVgcLFHoNrlj47mjOVic9yyNu65alsgF4NQyTa2g==
  dependencies:
    fdir "^6.5.0"
    picomatch "^4.0.4"

trough@^1.0.0:
  version "1.0.5"
  resolved "https://registry.yarnpkg.com/trough/-/trough-1.0.5.tgz#b8b639cefad7d0bb2abd37d433ff8293efa5f406"
  integrity sha512-rvuRbTarPXmMb79SmzEp8aqXNKcK+y0XaB298IXueQ8I2PsrATcPBCSPyK/dDNa2iWOhKlfNnOjdAOTBU/nkFA==

unified@^8.4.0:
  version "8.4.2"
  resolved "https://registry.yarnpkg.com/unified/-/unified-8.4.2.tgz#13ad58b4a437faa2751a4a4c6a16f680c500fff1"
  integrity sha512-JCrmN13jI4+h9UAyKEoGcDZV+i1E7BLFuG7OsaDvTXI5P0qhHX+vZO/kOhz9jn8HGENDKbwSeB0nVOg4gVStGA==
  dependencies:
    bail "^1.0.0"
    extend "^3.0.0"
    is-plain-obj "^2.0.0"
    trough "^1.0.0"
    vfile "^4.0.0"

unist-util-is@^3.0.0:
  version "3.0.0"
  resolved "https://registry.yarnpkg.com/unist-util-is/-/unist-util-is-3.0.0.tgz#d9e84381c2468e82629e4a5be9d7d05a2dd324cd"
  integrity sha512-sVZZX3+kspVNmLWBPAB6r+7D9ZgAFPNWm66f7YNb420RlQSbn+n8rG8dGZSkrER7ZIXGQYNm5pqC3v3HopH24A==

unist-util-is@^4.0.0:
  version "4.1.0"
  resolved "https://registry.yarnpkg.com/unist-util-is/-/unist-util-is-4.1.0.tgz#976e5f462a7a5de73d94b706bac1b90671b57797"
  integrity sha512-ZOQSsnce92GrxSqlnEEseX0gi7GH9zTJZ0p9dtu87WRb/37mMPO2Ilx1s/t9vBHrFhbgweUwb+t7cIn5dxPhZg==

unist-util-stringify-position@^2.0.0:
  version "2.0.3"
  resolved "https://registry.yarnpkg.com/unist-util-stringify-position/-/unist-util-stringify-position-2.0.3.tgz#cce3bfa1cdf85ba7375d1d5b17bdc4cada9bd9da"
  integrity sha512-3faScn5I+hy9VleOq/qNbAd6pAx7iH5jYBMS9I1HgQVijz/4mv5Bvw5iw1sC/90CODiKo81G/ps8AJrISn687g==
  dependencies:
    "@types/unist" "^2.0.2"

unist-util-visit-parents@^2.0.0:
  version "2.1.2"
  resolved "https://registry.yarnpkg.com/unist-util-visit-parents/-/unist-util-visit-parents-2.1.2.tgz#25e43e55312166f3348cae6743588781d112c1e9"
  integrity sha512-DyN5vD4NE3aSeB+PXYNKxzGsfocxp6asDc2XXE3b0ekO2BaRUpBicbbUygfSvYfUz1IkmjFR1YF7dPklraMZ2g==
  dependencies:
    unist-util-is "^3.0.0"

unist-util-visit-parents@^3.0.0:
  version "3.1.1"
  resolved "https://registry.yarnpkg.com/unist-util-visit-parents/-/unist-util-visit-parents-3.1.1.tgz#65a6ce698f78a6b0f56aa0e88f13801886cdaef6"
  integrity sha512-1KROIZWo6bcMrZEwiH2UrXDyalAa0uqzWCxCJj6lPOvTve2WkfgCytoDTPaMnodXh1WrXOq0haVYHj99ynJlsg==
  dependencies:
    "@types/unist" "^2.0.0"
    unist-util-is "^4.0.0"

unist-util-visit@^1.1.0:
  version "1.4.1"
  resolved "https://registry.yarnpkg.com/unist-util-visit/-/unist-util-visit-1.4.1.tgz#4724aaa8486e6ee6e26d7ff3c8685960d560b1e3"
  integrity sha512-AvGNk7Bb//EmJZyhtRUnNMEpId/AZ5Ph/KUpTI09WHQuDZHKovQ1oEv3mfmKpWKtoMzyMC4GLBm1Zy5k12fjIw==
  dependencies:
    unist-util-visit-parents "^2.0.0"

unist-util-visit@^2.0.3:
  version "2.0.3"
  resolved "https://registry.yarnpkg.com/unist-util-visit/-/unist-util-visit-2.0.3.tgz#c3703893146df47203bb8a9795af47d7b971208c"
  integrity sha512-iJ4/RczbJMkD0712mGktuGpm/U4By4FfDonL7N/9tATGIF4imikjOuagyMY53tnZq3NP6BcmlrHhEKAfGWjh7Q==
  dependencies:
    "@types/unist" "^2.0.0"
    unist-util-is "^4.0.0"
    unist-util-visit-parents "^3.0.0"

vfile-message@^2.0.0:
  version "2.0.4"
  resolved "https://registry.yarnpkg.com/vfile-message/-/vfile-message-2.0.4.tgz#5b43b88171d409eae58477d13f23dd41d52c371a"
  integrity sha512-DjssxRGkMvifUOJre00juHoP9DPWuzjxKuMDrhNbk2TdaYYBNMStsNhEOt3idrtI12VQYM/1+iM0KOzXi4pxwQ==
  dependencies:
    "@types/unist" "^2.0.0"
    unist-util-stringify-position "^2.0.0"

vfile@^4.0.0:
  version "4.2.1"
  resolved "https://registry.yarnpkg.com/vfile/-/vfile-4.2.1.tgz#03f1dce28fc625c625bc6514350fbdb00fa9e624"
  integrity sha512-O6AE4OskCG5S1emQ/4gl8zK586RqA3srz3nfK/Viy0UPToBc5Trp9BVFb1u0CjsKrAWwnpr4ifM/KBXPWwJbCA==
  dependencies:
    "@types/unist" "^2.0.0"
    is-buffer "^2.0.0"
    unist-util-stringify-position "^2.0.0"
    vfile-message "^2.0.0"

web-namespaces@^1.1.2:
  version "1.1.4"
  resolved "https://registry.yarnpkg.com/web-namespaces/-/web-namespaces-1.1.4.tgz#bc98a3de60dadd7faefc403d1076d529f5e030ec"
  integrity sha512-wYxSGajtmoP4WxfejAPIr4l0fVh+jeMXZb08wNc0tMg6xsfZXj3cECqIK0G7ZAqUq0PP8WlMDtaOGVBTAWztNw==

xtend@^4.0.0, xtend@^4.0.1:
  version "4.0.2"
  resolved "https://registry.yarnpkg.com/xtend/-/xtend-4.0.2.tgz#bb72779f5fa465186b1f438f674fa347fdb5db54"
  integrity sha512-LKYU1iAXJXUgAXn9URjiu+MWhyUXHsvfp7mcuYm9dSUKK0/CjtrUwFAxD82/mCWbtLsGjFIad0wIsod4zrTAEQ==

yallist@^4.0.0:
  version "4.0.0"
  resolved "https://registry.yarnpkg.com/yallist/-/yallist-4.0.0.tgz#9bb92790d9c0effec63be73519e11a35019a3a72"
  integrity sha512-3wdGidZyq5PB084XLES5TpOSRA3wjXAlIWMhum2kRcv/41Sn2emQ0dycQW4uZXLejwKvg6EsvbdlVL+FYEct7A==

yaml@^2.9.0:
  version "2.9.0"
  resolved "https://registry.yarnpkg.com/yaml/-/yaml-2.9.0.tgz#78274afd93598a1dfdd6130df6a566defcbf9aa4"
  integrity sha512-2AvhNX3mb8zd6Zy7INTtSpl1F15HW6Wnqj0srWlkKLcpYl/gMIMJiyuGq2KeI2YFxUPjdlB+3Lc10seMLtL4cA==

zlibjs@^0.3.1:
  version "0.3.1"
  resolved "https://registry.yarnpkg.com/zlibjs/-/zlibjs-0.3.1.tgz#50197edb28a1c42ca659cc8b4e6a9ddd6d444554"
  integrity sha1-UBl+2yihxCymWcyLTmqd3W1ERVQ=
