# THIS IS AN AUTOGENERATED FILE. DO NOT EDIT THIS FILE DIRECTLY.
# yarn lockfile v1


"@textlint-rule/textlint-rule-no-invalid-control-character@^1.2.0":
  version "1.2.0"
  resolved "https://registry.npmjs.org/@textlint-rule/textlint-rule-no-invalid-control-character/-/textlint-rule-no-invalid-control-character-1.2.0.tgz#3e8f03258d06b7deb2592bdb13626659c46abbf5"
  integrity sha512-FgkOQr14H8D/LQVAEOR2cGWhzItb9MXCAvaBwKkysIfP9Ngwam+8NRmbphQ/GrAm3PXV63QmK1xwAKM1DntwmQ==
  dependencies:
    execall "^1.0.0"

"@textlint/ast-node-types@^4.0.2":
  version "4.2.1"
  resolved "https://registry.npmjs.org/@textlint/ast-node-types/-/ast-node-types-4.2.1.tgz#978fa10e23468114462fc08ef29f96980c12a8ef"
  integrity sha512-Pqg1LTJpF929Ovi/lCaPqlyz8yDwBFbQulC0jyQcbRAoTxYS4AZMc48Ug2yk0so5hISQXKrlAxyVBmBVl9EKGA==

analyze-desumasu-dearu@^3.1.0:
  version "3.1.0"
  resolved "https://registry.yarnpkg.com/analyze-desumasu-dearu/-/analyze-desumasu-dearu-3.1.0.tgz#af36b948454c0783a431f2ab938a59f24d40e150"
  dependencies:
    array-find "^1.0.0"
    kuromojin "^1.2.1"
    object.assign "^4.0.3"

argparse@^1.0.7:
  version "1.0.9"
  resolved "https://registry.yarnpkg.com/argparse/-/argparse-1.0.9.tgz#73d83bc263f86e97f8cc4f6bae1b0e90a7d22c86"
  dependencies:
    sprintf-js "~1.0.2"

array-find@^1.0.0:
  version "1.0.0"
  resolved "https://registry.yarnpkg.com/array-find/-/array-find-1.0.0.tgz#6c8e286d11ed768327f8e62ecee87353ca3e78b8"

async@^2.0.1:
  version "2.6.0"
  resolved "https://registry.yarnpkg.com/async/-/async-2.6.0.tgz#61a29abb6fcc026fea77e56d1c6ec53a795951f4"
  dependencies:
    lodash "^4.14.0"

boundary@^1.0.1:
  version "1.0.1"
  resolved "https://registry.yarnpkg.com/boundary/-/boundary-1.0.1.tgz#4d67dc2602c0cc16dd9bce7ebf87e948290f5812"

clone-regexp@^1.0.0:
  version "1.0.0"
  resolved "https://registry.yarnpkg.com/clone-regexp/-/clone-regexp-1.0.0.tgz#eae0a2413f55c0942f818c229fefce845d7f3b1c"
  dependencies:
    is-regexp "^1.0.0"
    is-supported-regexp-flag "^1.0.0"

commandpost@^1.2.1:
  version "1.2.1"
  resolved "https://registry.yarnpkg.com/commandpost/-/commandpost-1.2.1.tgz#2e9c4c7508b9dc704afefaa91cab92ee6054cc68"

concat-stream@^1.5.2:
  version "1.6.0"
  resolved "https://registry.yarnpkg.com/concat-stream/-/concat-stream-1.6.0.tgz#0aac662fd52be78964d5532f694784e70110acf7"
  dependencies:
    inherits "^2.0.3"
    readable-stream "^2.2.2"
    typedarray "^0.0.6"

core-util-is@~1.0.0:
  version "1.0.2"
  resolved "https://registry.yarnpkg.com/core-util-is/-/core-util-is-1.0.2.tgz#b5fd54220aa2bc5ab57aab7140c940754503c1a7"

define-properties@^1.1.2:
  version "1.1.2"
  resolved "https://registry.yarnpkg.com/define-properties/-/define-properties-1.1.2.tgz#83a73f2fea569898fb737193c8f873caf6d45c94"
  dependencies:
    foreach "^2.0.5"
    object-keys "^1.0.8"

define-properties@^1.1.3:
  version "1.1.3"
  resolved "https://registry.npmjs.org/define-properties/-/define-properties-1.1.3.tgz#cf88da6cbee26fe6db7094f61d870cbd84cee9f1"
  integrity sha512-3MqfYKj2lLzdMSf8ZIZE/V+Zuy+BgD6f164e8K2w7dgnpKArBDerGYpM46IYYcjnkdPNMjPk9A6VFB8+3SKlXQ==
  dependencies:
    object-keys "^1.0.12"

diff@^3.3.0:
  version "3.4.0"
  resolved "https://registry.yarnpkg.com/diff/-/diff-3.4.0.tgz#b1d85507daf3964828de54b37d0d73ba67dda56c"

doublearray@0.0.2:
  version "0.0.2"
  resolved "https://registry.yarnpkg.com/doublearray/-/doublearray-0.0.2.tgz#63186fe8d34413276d3621f6aa0ec5f79e227ef9"

es-abstract@^1.12.0:
  version "1.13.0"
  resolved "https://registry.npmjs.org/es-abstract/-/es-abstract-1.13.0.tgz#ac86145fdd5099d8dd49558ccba2eaf9b88e24e9"
  integrity sha512-vDZfg/ykNxQVwup/8E1BZhVzFfBxs9NqMzGcvIJrqg5k2/5Za2bWo40dK2J1pgLngZ7c+Shh8lwYtLGyrwPutg==
  dependencies:
    es-to-primitive "^1.2.0"
    function-bind "^1.1.1"
    has "^1.0.3"
    is-callable "^1.1.4"
    is-regex "^1.0.4"
    object-keys "^1.0.12"

es-to-primitive@^1.2.0:
  version "1.2.0"
  resolved "https://registry.npmjs.org/es-to-primitive/-/es-to-primitive-1.2.0.tgz#edf72478033456e8dda8ef09e00ad9650707f377"
  integrity sha512-qZryBOJjV//LaxLTV6UC//WewneB3LcXOL9NP++ozKVXsIIIpm/2c13UDiD9Jp2eThsecw9m3jPqDwTyobcdbg==
  dependencies:
    is-callable "^1.1.4"
    is-date-object "^1.0.1"
    is-symbol "^1.0.2"

esprima@^4.0.0:
  version "4.0.0"
  resolved "https://registry.yarnpkg.com/esprima/-/esprima-4.0.0.tgz#4499eddcd1110e0b218bacf2fa7f7f59f55ca804"

execall@^1.0.0:
  version "1.0.0"
  resolved "https://registry.yarnpkg.com/execall/-/execall-1.0.0.tgz#73d0904e395b3cab0658b08d09ec25307f29bb73"
  dependencies:
    clone-regexp "^1.0.0"

foreach@^2.0.5:
  version "2.0.5"
  resolved "https://registry.yarnpkg.com/foreach/-/foreach-2.0.5.tgz#0bee005018aeb260d0a3af3ae658dd0136ec1b99"

function-bind@^1.1.1:
  version "1.1.1"
  resolved "https://registry.yarnpkg.com/function-bind/-/function-bind-1.1.1.tgz#a56899d3ea3c9bab874bb9773b7c5ede92f4895d"

has-symbols@^1.0.0:
  version "1.0.0"
  resolved "https://registry.yarnpkg.com/has-symbols/-/has-symbols-1.0.0.tgz#ba1a8f1af2a0fc39650f5c850367704122063b44"

has@^1.0.1, has@^1.0.3:
  version "1.0.3"
  resolved "https://registry.npmjs.org/has/-/has-1.0.3.tgz#722d7cbfc1f6aa8241f16dd814e011e1f41e8796"
  integrity sha512-f2dvO0VU6Oej7RkWJGrehjbzMAjFp5/VKPp5tTpWIV4JHHZK1/BxbFRtf/siA2SWTe09caDmVtYYzWEIbBS4zw==
  dependencies:
    function-bind "^1.1.1"

inherits@^2.0.3, inherits@~2.0.3:
  version "2.0.3"
  resolved "https://registry.yarnpkg.com/inherits/-/inherits-2.0.3.tgz#633c2c83e3da42a502f52466022480f4208261de"

interop-require@^1.0.0:
  version "1.0.0"
  resolved "https://registry.yarnpkg.com/interop-require/-/interop-require-1.0.0.tgz#e53103679944c88d7e6105b62a9f4475c783971e"
  integrity sha1-5TEDZ5lEyI1+YQW2Kp9EdceDlx4=

is-callable@^1.1.4:
  version "1.1.4"
  resolved "https://registry.npmjs.org/is-callable/-/is-callable-1.1.4.tgz#1e1adf219e1eeb684d691f9d6a05ff0d30a24d75"
  integrity sha512-r5p9sxJjYnArLjObpjA4xu5EKI3CuKHkJXMhT7kwbpUyIFD1n5PMAsoPvWnvtZiNz7LjkYDRZhd7FlI0eMijEA==

is-date-object@^1.0.1:
  version "1.0.1"
  resolved "https://registry.npmjs.org/is-date-object/-/is-date-object-1.0.1.tgz#9aa20eb6aeebbff77fbd33e74ca01b33581d3a16"
  integrity sha1-mqIOtq7rv/d/vTPnTKAbM1gdOhY=

is-regex@^1.0.4:
  version "1.0.4"
  resolved "https://registry.npmjs.org/is-regex/-/is-regex-1.0.4.tgz#5517489b547091b0930e095654ced25ee97e9491"
  integrity sha1-VRdIm1RwkbCTDglWVM7SXul+lJE=
  dependencies:
    has "^1.0.1"

is-regexp@^1.0.0:
  version "1.0.0"
  resolved "https://registry.yarnpkg.com/is-regexp/-/is-regexp-1.0.0.tgz#fd2d883545c46bac5a633e7b9a09e87fa2cb5069"

is-supported-regexp-flag@^1.0.0:
  version "1.0.0"
  resolved "https://registry.yarnpkg.com/is-supported-regexp-flag/-/is-supported-regexp-flag-1.0.0.tgz#8b520c85fae7a253382d4b02652e045576e13bb8"

is-symbol@^1.0.2:
  version "1.0.2"
  resolved "https://registry.npmjs.org/is-symbol/-/is-symbol-1.0.2.tgz#a055f6ae57192caee329e7a860118b497a950f38"
  integrity sha512-HS8bZ9ox60yCJLH9snBpIwv9pYUAkcuLhSA1oero1UB5y9aiQpRA8y2ex945AOtCZL1lJDeIk3G5LthswI46Lw==
  dependencies:
    has-symbols "^1.0.0"

isarray@~1.0.0:
  version "1.0.0"
  resolved "https://registry.yarnpkg.com/isarray/-/isarray-1.0.0.tgz#bb935d48582cba168c06834957a54a3e07124f11"

js-yaml@^3.9.1:
  version "3.10.0"
  resolved "https://registry.yarnpkg.com/js-yaml/-/js-yaml-3.10.0.tgz#2e78441646bd4682e963f22b6e92823c309c62dc"
  dependencies:
    argparse "^1.0.7"
    esprima "^4.0.0"

kuromoji@0.1.1:
  version "0.1.1"
  resolved "https://registry.yarnpkg.com/kuromoji/-/kuromoji-0.1.1.tgz#4aabf39bcced8b8ad92d007a04a26be6da8477c9"
  dependencies:
    async "^2.0.1"
    doublearray "0.0.2"
    zlibjs "^0.2.0"

kuromojin@^1.0.2, kuromojin@^1.1.0, kuromojin@^1.2.1:
  version "1.4.0"
  resolved "https://registry.yarnpkg.com/kuromojin/-/kuromojin-1.4.0.tgz#2d955746736981e73d02dbfd20eeee8110cddab2"
  dependencies:
    kuromoji "0.1.1"

lodash@^4.14.0:
  version "4.17.4"
  resolved "https://registry.yarnpkg.com/lodash/-/lodash-4.17.4.tgz#78203a4d1c328ae1d86dca6460e369b57f4055ae"

match-index@^1.0.1:
  version "1.0.1"
  resolved "https://registry.yarnpkg.com/match-index/-/match-index-1.0.1.tgz#b4b673e99ab3ac5a6af303ccf4db709812bc3f58"
  dependencies:
    regexp.prototype.flags "^1.1.1"

object-assign@^4.0.1:
  version "4.1.1"
  resolved "https://registry.yarnpkg.com/object-assign/-/object-assign-4.1.1.tgz#2109adc7965887cfc05cbbd442cac8bfbb360863"

object-keys@^1.0.11, object-keys@^1.0.8:
  version "1.0.11"
  resolved "https://registry.yarnpkg.com/object-keys/-/object-keys-1.0.11.tgz#c54601778ad560f1142ce0e01bcca8b56d13426d"

object-keys@^1.0.12:
  version "1.1.0"
  resolved "https://registry.npmjs.org/object-keys/-/object-keys-1.1.0.tgz#11bd22348dd2e096a045ab06f6c85bcc340fa032"
  integrity sha512-6OO5X1+2tYkNyNEx6TsCxEqFfRWaqx6EtMiSbGrw8Ob8v9Ne+Hl8rBAgLBZn5wjEz3s/s6U1WXFUFOcxxAwUpg==

object.assign@^4.0.3:
  version "4.1.0"
  resolved "https://registry.yarnpkg.com/object.assign/-/object.assign-4.1.0.tgz#968bf1100d7956bb3ca086f006f846b3bc4008da"
  dependencies:
    define-properties "^1.1.2"
    function-bind "^1.1.1"
    has-symbols "^1.0.0"
    object-keys "^1.0.11"

object.values@^1.0.4:
  version "1.1.0"
  resolved "https://registry.npmjs.org/object.values/-/object.values-1.1.0.tgz#bf6810ef5da3e5325790eaaa2be213ea84624da9"
  integrity sha512-8mf0nKLAoFX6VlNVdhGj31SVYpaNFtUnuoOXWyFEstsWRgU837AK+JYM0iAxwkSzGRbwn8cbFmgbyxj1j4VbXg==
  dependencies:
    define-properties "^1.1.3"
    es-abstract "^1.12.0"
    function-bind "^1.1.1"
    has "^1.0.3"

prh@^5.4.3:
  version "5.4.3"
  resolved "https://registry.yarnpkg.com/prh/-/prh-5.4.3.tgz#d3864a6de2f35c6603e33c700106dce01c22876d"
  dependencies:
    commandpost "^1.2.1"
    diff "^3.3.0"
    js-yaml "^3.9.1"

process-nextick-args@~1.0.6:
  version "1.0.7"
  resolved "https://registry.yarnpkg.com/process-nextick-args/-/process-nextick-args-1.0.7.tgz#150e20b756590ad3f91093f25a4f2ad8bff30ba3"

readable-stream@^2.2.2:
  version "2.3.3"
  resolved "https://registry.yarnpkg.com/readable-stream/-/readable-stream-2.3.3.tgz#368f2512d79f9d46fdfc71349ae7878bbc1eb95c"
  dependencies:
    core-util-is "~1.0.0"
    inherits "~2.0.3"
    isarray "~1.0.0"
    process-nextick-args "~1.0.6"
    safe-buffer "~5.1.1"
    string_decoder "~1.0.3"
    util-deprecate "~1.0.1"

regexp.prototype.flags@^1.1.1:
  version "1.2.0"
  resolved "https://registry.yarnpkg.com/regexp.prototype.flags/-/regexp.prototype.flags-1.2.0.tgz#6b30724e306a27833eeb171b66ac8890ba37e41c"
  dependencies:
    define-properties "^1.1.2"

safe-buffer@~5.1.0, safe-buffer@~5.1.1:
  version "5.1.1"
  resolved "https://registry.yarnpkg.com/safe-buffer/-/safe-buffer-5.1.1.tgz#893312af69b2123def71f57889001671eeb2c853"

sentence-splitter@^1.2.0:
  version "1.2.0"
  resolved "https://registry.yarnpkg.com/sentence-splitter/-/sentence-splitter-1.2.0.tgz#c1c38414cf145ec717fd437cac20c988e0fd0d46"
  dependencies:
    structured-source "^3.0.2"

sentence-splitter@^2.0.0, sentence-splitter@^2.2.0:
  version "2.3.2"
  resolved "https://registry.yarnpkg.com/sentence-splitter/-/sentence-splitter-2.3.2.tgz#5ad33cd0e6ae171d58c88f6bfef16a9ed04f3a79"
  dependencies:
    concat-stream "^1.5.2"
    structured-source "^3.0.2"

sentence-splitter@^3.0.10:
  version "3.0.11"
  resolved "https://registry.npmjs.org/sentence-splitter/-/sentence-splitter-3.0.11.tgz#82d98f0fd7a392e0e6c49b0730ae7b880bfde0b2"
  integrity sha512-8k/74ErjpdvgBVLQ7kI7jbbaqNdgMXVqMF8gWlJan25xfm1mg8cYmHQgMb+zx8xyocm1Dq46af4TpmnKWHr/yA==
  dependencies:
    "@textlint/ast-node-types" "^4.0.2"
    concat-stream "^1.5.2"
    object.values "^1.0.4"
    structured-source "^3.0.2"

sprintf-js@~1.0.2:
  version "1.0.3"
  resolved "https://registry.yarnpkg.com/sprintf-js/-/sprintf-js-1.0.3.tgz#04e6926f662895354f3dd015203633b857297e2c"

string_decoder@~1.0.3:
  version "1.0.3"
  resolved "https://registry.yarnpkg.com/string_decoder/-/string_decoder-1.0.3.tgz#0fc67d7c141825de94282dd536bec6b9bce860ab"
  dependencies:
    safe-buffer "~5.1.0"

structured-source@^3.0.2:
  version "3.0.2"
  resolved "https://registry.yarnpkg.com/structured-source/-/structured-source-3.0.2.tgz#dd802425e0f53dc4a6e7aca3752901a1ccda7af5"
  dependencies:
    boundary "^1.0.1"

textlint-rule-helper@^1.1.4, textlint-rule-helper@^1.1.5:
  version "1.2.0"
  resolved "https://registry.yarnpkg.com/textlint-rule-helper/-/textlint-rule-helper-1.2.0.tgz#be68d47a5146b16dd116278c9aeb7bd35631ccda"
  dependencies:
    unist-util-visit "^1.1.0"

textlint-rule-helper@^2.0.0:
  version "2.0.0"
  resolved "https://registry.yarnpkg.com/textlint-rule-helper/-/textlint-rule-helper-2.0.0.tgz#95cb4696c95c4258d2e3389e9e64b849f9721382"
  dependencies:
    unist-util-visit "^1.1.0"

textlint-rule-max-ten@^2.0.2:
  version "2.0.3"
  resolved "https://registry.yarnpkg.com/textlint-rule-max-ten/-/textlint-rule-max-ten-2.0.3.tgz#dccbc0d0157ee86a7572ca00a47ab1fa577f0645"
  dependencies:
    kuromojin "^1.0.2"
    sentence-splitter "^2.0.0"
    structured-source "^3.0.2"
    textlint-rule-helper "^2.0.0"

textlint-rule-no-double-negative-ja@^1.0.3:
  version "1.0.5"
  resolved "https://registry.yarnpkg.com/textlint-rule-no-double-negative-ja/-/textlint-rule-no-double-negative-ja-1.0.5.tgz#ba30db424dc7ef84ceda6d103781b14cd20cc764"
  dependencies:
    kuromojin "^1.1.0"

textlint-rule-no-doubled-conjunction@^1.0.2:
  version "1.0.2"
  resolved "https://registry.yarnpkg.com/textlint-rule-no-doubled-conjunction/-/textlint-rule-no-doubled-conjunction-1.0.2.tgz#24c6e8014c6b2e184bc7a5d4c1a6ee13bb309930"
  dependencies:
    kuromojin "^1.1.0"
    sentence-splitter "^2.0.0"
    textlint-rule-helper "^1.1.5"
    textlint-util-to-string "^1.2.0"

textlint-rule-no-doubled-conjunctive-particle-ga@^1.1.0:
  version "1.1.0"
  resolved "https://registry.npmjs.org/textlint-rule-no-doubled-conjunctive-particle-ga/-/textlint-rule-no-doubled-conjunctive-particle-ga-1.1.0.tgz#f43717a670ca94d5a7de94efb85b862075436f23"
  integrity sha512-5uTZEw0S1j27DJ2vxdSqmqekZGuzOz2c8axtjJR1XiLc/miB8f7Rz3S16Mq+M2W06wcJTdoM87ix5XWa+4oe8A==
  dependencies:
    kuromojin "^1.1.0"
    sentence-splitter "^1.2.0"
    textlint-rule-helper "^1.1.5"
    textlint-util-to-string "^1.2.0"

textlint-rule-no-doubled-joshi@^3.0.0:
  version "3.5.1"
  resolved "https://registry.yarnpkg.com/textlint-rule-no-doubled-joshi/-/textlint-rule-no-doubled-joshi-3.5.1.tgz#759c6c5def8075f849d9a4df551c2d2a0815ba2f"
  dependencies:
    kuromojin "^1.2.1"
    sentence-splitter "^2.2.0"
    textlint-rule-helper "^1.1.4"
    textlint-util-to-string "^1.1.0"

textlint-rule-no-dropping-the-ra@^1.1.2:
  version "1.1.2"
  resolved "https://registry.yarnpkg.com/textlint-rule-no-dropping-the-ra/-/textlint-rule-no-dropping-the-ra-1.1.2.tgz#17d8c65986d7bd8014a4529303a2ba0b769a89d2"
  dependencies:
    kuromojin "^1.2.1"
    textlint-rule-helper "^1.1.4"

textlint-rule-no-mix-dearu-desumasu@^3.0.0:
  version "3.0.3"
  resolved "https://registry.yarnpkg.com/textlint-rule-no-mix-dearu-desumasu/-/textlint-rule-no-mix-dearu-desumasu-3.0.3.tgz#ac4b8160b4f46644a4a40d62fe01d8db7670b7c3"
  dependencies:
    analyze-desumasu-dearu "^3.1.0"
    textlint-rule-helper "^2.0.0"
    unist-util-visit "^1.1.0"

textlint-rule-no-nfd@^1.0.1:
  version "1.0.1"
  resolved "https://registry.yarnpkg.com/textlint-rule-no-nfd/-/textlint-rule-no-nfd-1.0.1.tgz#bf483f844e641ef23ae3f82361421a9e53b5d65a"
  dependencies:
    match-index "^1.0.1"
    textlint-rule-helper "^1.1.5"
    unorm "^1.4.1"

textlint-rule-prh@^5.2.0:
  version "5.2.0"
  resolved "https://registry.npmjs.org/textlint-rule-prh/-/textlint-rule-prh-5.2.0.tgz#046453acf03b8e0e007f9c9ab9576ba56008ef99"
  integrity sha512-ZPTt09YoQ6r0xvDLXs0A9y96GPIFrwr9kC1hlZ6utMarJYr/7Si166hP8oumadfj2u7l+lgKjxfe8vn2/aVhcQ==
  dependencies:
    prh "^5.4.3"
    textlint-rule-helper "^2.0.0"
    untildify "^3.0.2"

textlint-rule-sentence-length@^2.1.1:
  version "2.1.1"
  resolved "https://registry.npmjs.org/textlint-rule-sentence-length/-/textlint-rule-sentence-length-2.1.1.tgz#a348d784b9a4b7be6929204a15cb4508755b99a3"
  integrity sha512-5LIsGd2Og4KQhDN99hwkW0iPDk4lPAgvkbi9EtlQ5rdHPhjuoj+nbpM0BXKR5boF1p/9O2UEnA3aUBp0az81Ng==
  dependencies:
    sentence-splitter "^3.0.10"
    textlint-rule-helper "^2.0.0"
    textlint-util-to-string "^2.1.1"

textlint-util-to-string@^1.1.0, textlint-util-to-string@^1.2.0:
  version "1.2.1"
  resolved "https://registry.yarnpkg.com/textlint-util-to-string/-/textlint-util-to-string-1.2.1.tgz#1cf89956d27555a55e9588c06b35a50f0d1d46f9"
  dependencies:
    object-assign "^4.0.1"
    structured-source "^3.0.2"

textlint-util-to-string@^2.1.1:
  version "2.1.1"
  resolved "https://registry.yarnpkg.com/textlint-util-to-string/-/textlint-util-to-string-2.1.1.tgz#7e456f16a2abc07e473cb9591acf19f110def2d1"
  dependencies:
    object-assign "^4.0.1"
    structured-source "^3.0.2"

typedarray@^0.0.6:
  version "0.0.6"
  resolved "https://registry.yarnpkg.com/typedarray/-/typedarray-0.0.6.tgz#867ac74e3864187b1d3d47d996a78ec5c8830777"

unist-util-is@^2.1.1:
  version "2.1.1"
  resolved "https://registry.yarnpkg.com/unist-util-is/-/unist-util-is-2.1.1.tgz#0c312629e3f960c66e931e812d3d80e77010947b"

unist-util-visit@^1.1.0:
  version "1.3.0"
  resolved "https://registry.yarnpkg.com/unist-util-visit/-/unist-util-visit-1.3.0.tgz#41ca7c82981fd1ce6c762aac397fc24e35711444"
  dependencies:
    unist-util-is "^2.1.1"

unorm@^1.4.1:
  version "1.4.1"
  resolved "https://registry.yarnpkg.com/unorm/-/unorm-1.4.1.tgz#364200d5f13646ca8bcd44490271335614792300"

untildify@^3.0.2:
  version "3.0.2"
  resolved "https://registry.yarnpkg.com/untildify/-/untildify-3.0.2.tgz#7f1f302055b3fea0f3e81dc78eb36766cb65e3f1"

util-deprecate@~1.0.1:
  version "1.0.2"
  resolved "https://registry.yarnpkg.com/util-deprecate/-/util-deprecate-1.0.2.tgz#450d4dc9fa70de732762fbd2d4a28981419a0ccf"

zlibjs@^0.2.0:
  version "0.2.0"
  resolved "https://registry.yarnpkg.com/zlibjs/-/zlibjs-0.2.0.tgz#ae20f06243293d85c255563189f9b12f5b3ba1a0"
